
Microsoft Visual Studio Solution File, Format Version 11.00
# Visual Studio 2010
Project("{FAE04EC0-301F-11D3-BF4B-00C04F79EFBC}") = "Cesena", "projects\ComponentiRicerca\Cesena\Cesena.csproj", "{3D96C8A2-F0E3-4AAA-92E9-E6CE232140D5}"
EndProject
Project("{FAE04EC0-301F-11D3-BF4B-00C04F79EFBC}") = "Perugia", "projects\ComponentiRicerca\Perugia\Perugia.csproj", "{260560E1-665E-4EA7-A17D-766889E87636}"
EndProject
Project("{FAE04EC0-301F-11D3-BF4B-00C04F79EFBC}") = "Piacenza", "projects\ComponentiRicerca\Piacenza\Piacenza.csproj", "{DA76DF39-228E-4AEB-B1BB-FF40363A9CE7}"
EndProject
Project("{FAE04EC0-301F-11D3-BF4B-00C04F79EFBC}") = "Ravenna", "projects\ComponentiRicerca\Ravenna\Ravenna.csproj", "{905C2F19-8256-4E63-A750-610D3E615B24}"
EndProject
Project("{FAE04EC0-301F-11D3-BF4B-00C04F79EFBC}") = "Terni", "projects\ComponentiRicerca\Terni\Terni.csproj", "{47AEDCFB-AF0E-49B3-A362-5B3D740D3309}"
EndProject
Project("{FAE04EC0-301F-11D3-BF4B-00C04F79EFBC}") = "SIGePro.Data", "projects\Backoffice\SIGePro.Data\SIGePro.Data.csproj", "{2CBE0A68-4C71-4937-945F-C16DE1C8FAB9}"
EndProject
Project("{FAE04EC0-301F-11D3-BF4B-00C04F79EFBC}") = "SIGePro.Manager", "projects\Backoffice\SIGePro.Manager\SIGePro.Manager.csproj", "{A3AFA842-F5EE-40CC-930F-4FEB7927D4F3}"
EndProject
Project("{FAE04EC0-301F-11D3-BF4B-00C04F79EFBC}") = "SIGePro.DatiDinamici.v1", "projects\Backoffice\SIGePro.DatiDinamici\SIGePro.DatiDinamici.v1.csproj", "{9D4E4587-AC9F-44BA-B4E7-492DC01EA466}"
EndProject
Project("{FAE04EC0-301F-11D3-BF4B-00C04F79EFBC}") = "SIGePro.Exceptions", "projects\Backoffice\SIGePro.Exceptions\SIGePro.Exceptions.csproj", "{EBD2D8DB-828B-4599-9742-D9C84AB289C7}"
EndProject
Project("{FAE04EC0-301F-11D3-BF4B-00C04F79EFBC}") = "SIGePro.Manager.DTO", "projects\Backoffice\SIGePro.Manager.DTO\SIGePro.Manager.DTO.csproj", "{390B0136-6D16-4058-8A63-615EB76EF8A9}"
EndProject
Project("{FAE04EC0-301F-11D3-BF4B-00C04F79EFBC}") = "ParixStandard", "projects\ComponentiRicerca\ParixStandard\ParixStandard.csproj", "{CB030FAD-CC9C-4E04-BCEA-FEAFC43703AE}"
EndProject
Global
	GlobalSection(SolutionConfigurationPlatforms) = preSolution
		Allinea oggetti protocollo - DBG|Any CPU = Allinea oggetti protocollo - DBG|Any CPU
		Debug|Any CPU = Debug|Any CPU
		Release|Any CPU = Release|Any CPU
	EndGlobalSection
	GlobalSection(ProjectConfigurationPlatforms) = postSolution
		{3D96C8A2-F0E3-4AAA-92E9-E6CE232140D5}.Allinea oggetti protocollo - DBG|Any CPU.ActiveCfg = Allinea oggetti protocollo - DBG|Any CPU
		{3D96C8A2-F0E3-4AAA-92E9-E6CE232140D5}.Allinea oggetti protocollo - DBG|Any CPU.Build.0 = Allinea oggetti protocollo - DBG|Any CPU
		{3D96C8A2-F0E3-4AAA-92E9-E6CE232140D5}.Debug|Any CPU.ActiveCfg = Debug|Any CPU
		{3D96C8A2-F0E3-4AAA-92E9-E6CE232140D5}.Debug|Any CPU.Build.0 = Debug|Any CPU
		{3D96C8A2-F0E3-4AAA-92E9-E6CE232140D5}.Release|Any CPU.ActiveCfg = Release|Any CPU
		{3D96C8A2-F0E3-4AAA-92E9-E6CE232140D5}.Release|Any CPU.Build.0 = Release|Any CPU
		{260560E1-665E-4EA7-A17D-766889E87636}.Allinea oggetti protocollo - DBG|Any CPU.ActiveCfg = Allinea oggetti protocollo - DBG|Any CPU
		{260560E1-665E-4EA7-A17D-766889E87636}.Allinea oggetti protocollo - DBG|Any CPU.Build.0 = Allinea oggetti protocollo - DBG|Any CPU
		{260560E1-665E-4EA7-A17D-766889E87636}.Debug|Any CPU.ActiveCfg = Debug|Any CPU
		{260560E1-665E-4EA7-A17D-766889E87636}.Debug|Any CPU.Build.0 = Debug|Any CPU
		{260560E1-665E-4EA7-A17D-766889E87636}.Release|Any CPU.ActiveCfg = Release|Any CPU
		{260560E1-665E-4EA7-A17D-766889E87636}.Release|Any CPU.Build.0 = Release|Any CPU
		{DA76DF39-228E-4AEB-B1BB-FF40363A9CE7}.Allinea oggetti protocollo - DBG|Any CPU.ActiveCfg = Allinea oggetti protocollo - DBG|Any CPU
		{DA76DF39-228E-4AEB-B1BB-FF40363A9CE7}.Allinea oggetti protocollo - DBG|Any CPU.Build.0 = Allinea oggetti protocollo - DBG|Any CPU
		{DA76DF39-228E-4AEB-B1BB-FF40363A9CE7}.Debug|Any CPU.ActiveCfg = Debug|Any CPU
		{DA76DF39-228E-4AEB-B1BB-FF40363A9CE7}.Debug|Any CPU.Build.0 = Debug|Any CPU
		{DA76DF39-228E-4AEB-B1BB-FF40363A9CE7}.Release|Any CPU.ActiveCfg = Release|Any CPU
		{DA76DF39-228E-4AEB-B1BB-FF40363A9CE7}.Release|Any CPU.Build.0 = Release|Any CPU
		{905C2F19-8256-4E63-A750-610D3E615B24}.Allinea oggetti protocollo - DBG|Any CPU.ActiveCfg = Allinea oggetti protocollo - DBG|Any CPU
		{905C2F19-8256-4E63-A750-610D3E615B24}.Allinea oggetti protocollo - DBG|Any CPU.Build.0 = Allinea oggetti protocollo - DBG|Any CPU
		{905C2F19-8256-4E63-A750-610D3E615B24}.Debug|Any CPU.ActiveCfg = Debug|Any CPU
		{905C2F19-8256-4E63-A750-610D3E615B24}.Debug|Any CPU.Build.0 = Debug|Any CPU
		{905C2F19-8256-4E63-A750-610D3E615B24}.Release|Any CPU.ActiveCfg = Release|Any CPU
		{905C2F19-8256-4E63-A750-610D3E615B24}.Release|Any CPU.Build.0 = Release|Any CPU
		{47AEDCFB-AF0E-49B3-A362-5B3D740D3309}.Allinea oggetti protocollo - DBG|Any CPU.ActiveCfg = Release|Any CPU
		{47AEDCFB-AF0E-49B3-A362-5B3D740D3309}.Allinea oggetti protocollo - DBG|Any CPU.Build.0 = Release|Any CPU
		{47AEDCFB-AF0E-49B3-A362-5B3D740D3309}.Debug|Any CPU.ActiveCfg = Debug|Any CPU
		{47AEDCFB-AF0E-49B3-A362-5B3D740D3309}.Debug|Any CPU.Build.0 = Debug|Any CPU
		{47AEDCFB-AF0E-49B3-A362-5B3D740D3309}.Release|Any CPU.ActiveCfg = Release|Any CPU
		{47AEDCFB-AF0E-49B3-A362-5B3D740D3309}.Release|Any CPU.Build.0 = Release|Any CPU
		{2CBE0A68-4C71-4937-945F-C16DE1C8FAB9}.Allinea oggetti protocollo - DBG|Any CPU.ActiveCfg = Allinea oggetti protocollo - DBG|Any CPU
		{2CBE0A68-4C71-4937-945F-C16DE1C8FAB9}.Allinea oggetti protocollo - DBG|Any CPU.Build.0 = Allinea oggetti protocollo - DBG|Any CPU
		{2CBE0A68-4C71-4937-945F-C16DE1C8FAB9}.Debug|Any CPU.ActiveCfg = Debug|Any CPU
		{2CBE0A68-4C71-4937-945F-C16DE1C8FAB9}.Debug|Any CPU.Build.0 = Debug|Any CPU
		{2CBE0A68-4C71-4937-945F-C16DE1C8FAB9}.Release|Any CPU.ActiveCfg = Release|Any CPU
		{2CBE0A68-4C71-4937-945F-C16DE1C8FAB9}.Release|Any CPU.Build.0 = Release|Any CPU
		{A3AFA842-F5EE-40CC-930F-4FEB7927D4F3}.Allinea oggetti protocollo - DBG|Any CPU.ActiveCfg = Allinea oggetti protocollo - DBG|Any CPU
		{A3AFA842-F5EE-40CC-930F-4FEB7927D4F3}.Allinea oggetti protocollo - DBG|Any CPU.Build.0 = Allinea oggetti protocollo - DBG|Any CPU
		{A3AFA842-F5EE-40CC-930F-4FEB7927D4F3}.Debug|Any CPU.ActiveCfg = Debug|Any CPU
		{A3AFA842-F5EE-40CC-930F-4FEB7927D4F3}.Debug|Any CPU.Build.0 = Debug|Any CPU
		{A3AFA842-F5EE-40CC-930F-4FEB7927D4F3}.Release|Any CPU.ActiveCfg = Release|Any CPU
		{A3AFA842-F5EE-40CC-930F-4FEB7927D4F3}.Release|Any CPU.Build.0 = Release|Any CPU
		{9D4E4587-AC9F-44BA-B4E7-492DC01EA466}.Allinea oggetti protocollo - DBG|Any CPU.ActiveCfg = Allinea oggetti protocollo - DBG|Any CPU
		{9D4E4587-AC9F-44BA-B4E7-492DC01EA466}.Allinea oggetti protocollo - DBG|Any CPU.Build.0 = Allinea oggetti protocollo - DBG|Any CPU
		{9D4E4587-AC9F-44BA-B4E7-492DC01EA466}.Debug|Any CPU.ActiveCfg = Debug|Any CPU
		{9D4E4587-AC9F-44BA-B4E7-492DC01EA466}.Debug|Any CPU.Build.0 = Debug|Any CPU
		{9D4E4587-AC9F-44BA-B4E7-492DC01EA466}.Release|Any CPU.ActiveCfg = Release|Any CPU
		{9D4E4587-AC9F-44BA-B4E7-492DC01EA466}.Release|Any CPU.Build.0 = Release|Any CPU
		{EBD2D8DB-828B-4599-9742-D9C84AB289C7}.Allinea oggetti protocollo - DBG|Any CPU.ActiveCfg = Allinea oggetti protocollo - DBG|Any CPU
		{EBD2D8DB-828B-4599-9742-D9C84AB289C7}.Allinea oggetti protocollo - DBG|Any CPU.Build.0 = Allinea oggetti protocollo - DBG|Any CPU
		{EBD2D8DB-828B-4599-9742-D9C84AB289C7}.Debug|Any CPU.ActiveCfg = Debug|Any CPU
		{EBD2D8DB-828B-4599-9742-D9C84AB289C7}.Debug|Any CPU.Build.0 = Debug|Any CPU
		{EBD2D8DB-828B-4599-9742-D9C84AB289C7}.Release|Any CPU.ActiveCfg = Release|Any CPU
		{EBD2D8DB-828B-4599-9742-D9C84AB289C7}.Release|Any CPU.Build.0 = Release|Any CPU
		{390B0136-6D16-4058-8A63-615EB76EF8A9}.Allinea oggetti protocollo - DBG|Any CPU.ActiveCfg = Allinea oggetti protocollo - DBG|Any CPU
		{390B0136-6D16-4058-8A63-615EB76EF8A9}.Allinea oggetti protocollo - DBG|Any CPU.Build.0 = Allinea oggetti protocollo - DBG|Any CPU
		{390B0136-6D16-4058-8A63-615EB76EF8A9}.Debug|Any CPU.ActiveCfg = Debug|Any CPU
		{390B0136-6D16-4058-8A63-615EB76EF8A9}.Debug|Any CPU.Build.0 = Debug|Any CPU
		{390B0136-6D16-4058-8A63-615EB76EF8A9}.Release|Any CPU.ActiveCfg = Release|Any CPU
		{390B0136-6D16-4058-8A63-615EB76EF8A9}.Release|Any CPU.Build.0 = Release|Any CPU
		{CB030FAD-CC9C-4E04-BCEA-FEAFC43703AE}.Allinea oggetti protocollo - DBG|Any CPU.ActiveCfg = Release|Any CPU
		{CB030FAD-CC9C-4E04-BCEA-FEAFC43703AE}.Allinea oggetti protocollo - DBG|Any CPU.Build.0 = Release|Any CPU
		{CB030FAD-CC9C-4E04-BCEA-FEAFC43703AE}.Debug|Any CPU.ActiveCfg = Debug|Any CPU
		{CB030FAD-CC9C-4E04-BCEA-FEAFC43703AE}.Debug|Any CPU.Build.0 = Debug|Any CPU
		{CB030FAD-CC9C-4E04-BCEA-FEAFC43703AE}.Release|Any CPU.ActiveCfg = Release|Any CPU
		{CB030FAD-CC9C-4E04-BCEA-FEAFC43703AE}.Release|Any CPU.Build.0 = Release|Any CPU
	EndGlobalSection
	GlobalSection(SolutionProperties) = preSolution
		HideSolutionNode = FALSE
	EndGlobalSection
EndGlobal
