
Microsoft Visual Studio Solution File, Format Version 11.00
# Visual Studio 2010
Project("{FAE04EC0-301F-11D3-BF4B-00C04F79EFBC}") = "PersonalLib2", "projects\Utils\PersonalLib2\PersonalLib2.csproj", "{EA7D1FCC-5EFA-4984-BE1E-2327BC184809}"
EndProject
Global
	GlobalSection(SolutionConfigurationPlatforms) = preSolution
		Acireale|Any CPU = Acireale|Any CPU
		Allinea oggetti protocollo - DBG|Any CPU = Allinea oggetti protocollo - DBG|Any CPU
		Debug|Any CPU = Debug|Any CPU
		Pistoia|Any CPU = Pistoia|Any CPU
		Release Ravenna|Any CPU = Release Ravenna|Any CPU
		Release|Any CPU = Release|Any CPU
	EndGlobalSection
	GlobalSection(ProjectConfigurationPlatforms) = postSolution
		{EA7D1FCC-5EFA-4984-BE1E-2327BC184809}.Acireale|Any CPU.ActiveCfg = Acireale|Any CPU
		{EA7D1FCC-5EFA-4984-BE1E-2327BC184809}.Acireale|Any CPU.Build.0 = Acireale|Any CPU
		{EA7D1FCC-5EFA-4984-BE1E-2327BC184809}.Allinea oggetti protocollo - DBG|Any CPU.ActiveCfg = Allinea oggetti protocollo - DBG|Any CPU
		{EA7D1FCC-5EFA-4984-BE1E-2327BC184809}.Allinea oggetti protocollo - DBG|Any CPU.Build.0 = Allinea oggetti protocollo - DBG|Any CPU
		{EA7D1FCC-5EFA-4984-BE1E-2327BC184809}.Debug|Any CPU.ActiveCfg = Debug|Any CPU
		{EA7D1FCC-5EFA-4984-BE1E-2327BC184809}.Debug|Any CPU.Build.0 = Debug|Any CPU
		{EA7D1FCC-5EFA-4984-BE1E-2327BC184809}.Pistoia|Any CPU.ActiveCfg = Pistoia|Any CPU
		{EA7D1FCC-5EFA-4984-BE1E-2327BC184809}.Pistoia|Any CPU.Build.0 = Pistoia|Any CPU
		{EA7D1FCC-5EFA-4984-BE1E-2327BC184809}.Release Ravenna|Any CPU.ActiveCfg = Release Ravenna|Any CPU
		{EA7D1FCC-5EFA-4984-BE1E-2327BC184809}.Release Ravenna|Any CPU.Build.0 = Release Ravenna|Any CPU
		{EA7D1FCC-5EFA-4984-BE1E-2327BC184809}.Release|Any CPU.ActiveCfg = Release|Any CPU
		{EA7D1FCC-5EFA-4984-BE1E-2327BC184809}.Release|Any CPU.Build.0 = Release|Any CPU
	EndGlobalSection
	GlobalSection(SolutionProperties) = preSolution
		HideSolutionNode = FALSE
	EndGlobalSection
EndGlobal
