<Solution>
  <Project Path="projects/Frontoffice/Init.Sigepro.FrontEnd.AppLogic.ConnectedServices/Init.Sigepro.FrontEnd.AppLogic.ConnectedServices.csproj" />
  <Project Path="projects/Frontoffice/Init.Sigepro.FrontEnd.AppLogic.Pagamenti.Legacy/Init.Sigepro.FrontEnd.AppLogic.Pagamenti.Legacy.csproj" />
  <Project Path="projects/Frontoffice/Init.Sigepro.FrontEnd.AppLogic/Init.Sigepro.FrontEnd.AppLogic.csproj" />
  <Project Path="projects/Frontoffice/Init.Sigepro.FrontEnd.GestioneMovimenti/Init.Sigepro.FrontEnd.GestioneMovimenti.csproj" />
  <Project Path="projects/Frontoffice/Init.Sigepro.FrontEnd.Infrastructure/Init.Sigepro.FrontEnd.Infrastructure.csproj" />
  <Project Path="projects/Frontoffice/Init.Sigepro.FrontEnd.Pagamenti.Tests/Init.Sigepro.FrontEnd.Pagamenti.Tests.csproj" />
  <Project Path="projects/Frontoffice/Init.Sigepro.FrontEnd.WebControls/Init.Sigepro.FrontEnd.WebControls.csproj" />
  <Project Path="projects/Frontoffice/MovimentiTest/Init.Sigepro.FrontEnd.AppLogicTests.csproj" />
  <Project Path="projects/Frontoffice/PayServerClientNative/PayServerClientNative/PayServerClientNative.csproj" />
  <Project Path="projects/Init.Sigepro.FrontEnd.AppLogic.Pagamenti.NodoPagamenti/Init.Sigepro.FrontEnd.AppLogic.Pagamenti.NodoPagamenti.csproj" />
  <Project Path="projects/Init.Sigepro.FrontEnd/Init.Sigepro.FrontEnd.csproj" Id="3aa23d27-acd9-41df-8a7a-9d7bfa828b73" />
  <Project Path="projects/Init.Sigepro.UrlSecurity.Tests/Init.Sigepro.UrlSecurity.Tests.csproj" />
  <Project Path="projects/Init.Sigepro.UrlSecurity/Init.Sigepro.UrlSecurity.csproj" />
  <Project Path="projects/Init.Utils.Web/Init.Utils.Web.csproj" Id="7c9d8d0b-c896-47a8-a957-2b393eac0f06" />
  <Project Path="projects/Init.Utils/Init.Utils.csproj" />
  <Project Path="projects/IntegrazioneEagleFVG/IntegrazioneEagleFVG.csproj" />
  <Project Path="projects/PersonalLib2/PersonalLib2.csproj" />
  <Project Path="projects/SIGePro.DatiDinamici/SIGePro.DatiDinamici.v1.csproj" />
  <Project Path="projects/SIGePro.Manager.DTO/SIGePro.Manager.DTO.csproj" />
  <Project Path="projects/Tests/SIGePro.DatiDinamici.v1.Tests/SIGePro.DatiDinamici.v1.Tests.csproj" />
  <Project Path="projects/VBG.Pagamenti.Legacy/VBG.Pagamenti.Legacy.csproj" />
  <Project Path="projects/VBG.Pagamenti.NodoPagamenti/VBG.Pagamenti.NodoPagamenti.csproj" />
  <Project Path="projects/VBG.Shared.Infrastructure/VBG.Shared.Infrastructure.csproj" />
</Solution>
