<Solution>
  <Project Path="projects/AreaRiservataCore/AreaRiservataCore.csproj" />
  <Project Path="projects/Frontoffice/Init.Sigepro.FrontEnd.AppLogic.ConnectedServices/Init.Sigepro.FrontEnd.AppLogic.ConnectedServices.csproj" />
  <Project Path="projects/Frontoffice/Init.Sigepro.FrontEnd.AppLogic/Init.Sigepro.FrontEnd.AppLogic.csproj" />
  <Project Path="projects/Frontoffice/Init.Sigepro.FrontEnd.GestioneMovimenti/Init.Sigepro.FrontEnd.GestioneMovimenti.csproj" />
  <Project Path="projects/Frontoffice/Init.Sigepro.FrontEnd.Infrastructure/Init.Sigepro.FrontEnd.Infrastructure.csproj" />
  <Project Path="projects/Frontoffice/PayServerClientNative/PayServerClientNative/PayServerClientNative.csproj" />
  <Project Path="projects/Init.Sigepro.FrontEnd.AppLogic.Pagamenti.NodoPagamenti/Init.Sigepro.FrontEnd.AppLogic.Pagamenti.NodoPagamenti.csproj" />
  <Project Path="projects/Init.Sigepro.FrontEnd.CoreServices/Init.Sigepro.FrontEnd.CoreServices.csproj" />
  <Project Path="projects/Init.Utils/Init.Utils.csproj" />
  <Project Path="projects/PersonalLib2/PersonalLib2.csproj" />
  <Project Path="projects/SIGePro.Manager.DTO/SIGePro.Manager.DTO.csproj" />
  <Project Path="projects/VBG.AppLogic.SSU.GeneratoreRicevute/VBG.AppLogic.SSU.GeneratoreRicevute.csproj" />
  <Project Path="projects/VBG.AppLogic.SSU/VBG.AppLogic.SSU.csproj" />
  <Project Path="projects/VBG.DatiDinamici.Agid.HtmlRendering/VBG.DatiDinamici.Agid.HtmlRendering.csproj" />
  <Project Path="projects/VBG.OtherControls/VBG.AreaRiservataCore.Controls.csproj" />
  <Project Path="projects/VBG.Pagamenti.Legacy/VBG.Pagamenti.Legacy.csproj" />
  <Project Path="projects/VBG.Pagamenti.NodoPagamenti/VBG.Pagamenti.NodoPagamenti.csproj" />
  <Project Path="projects/VBG.Shared.Infrastructure/VBG.Shared.Infrastructure.csproj" />
</Solution>
