<Solution>
  <Configurations>
    <BuildType Name="Debug" />
    <BuildType Name="Release" />
    <BuildType Name="ReleaseFramework" />
  </Configurations>
  <Project Path="projects/aspnet-core-services/AspnetCoreServices.csproj">
    <BuildType Solution="ReleaseFramework|*" Project="Release" />
    <Build Solution="ReleaseFramework|*" Project="false" />
  </Project>
  <Project Path="projects/GestioneBandi.Asl3Genova.Tests/GestioneBandi.Asl3Genova.Tests.csproj" Id="2195351b-95f5-4f22-a6ee-49b24a7f5f1a">
    <BuildType Solution="ReleaseFramework|*" Project="Release" />
  </Project>
  <Project Path="projects/GestioneBandi.Asl3Genova/GestioneBandi.Asl3Genova.csproj">
    <BuildType Solution="ReleaseFramework|*" Project="Release" />
  </Project>
  <Project Path="projects/GestioneMercati.ReggioEmilia/GestioneMercati.ReggioEmilia.csproj">
    <BuildType Solution="ReleaseFramework|*" Project="Release" />
  </Project>
  <Project Path="projects/Init.SIGePro.Manager.Framework/SIGePro.Manager.Framework.csproj">
    <BuildType Solution="ReleaseFramework|*" Project="Release" />
  </Project>
  <Project Path="projects/Init.Utils.Web/Init.Utils.Web.csproj" Id="7c9d8d0b-c896-47a8-a957-2b393eac0f06">
    <BuildType Solution="ReleaseFramework|*" Project="Release" />
  </Project>
  <Project Path="projects/Init.Utils/Init.Utils.csproj">
    <BuildType Solution="ReleaseFramework|*" Project="Release" />
  </Project>
  <Project Path="projects/IntegrazioneCUnicoWS/IntegrazioneCUnicoWS.csproj">
    <BuildType Solution="ReleaseFramework|*" Project="Release" />
  </Project>
  <Project Path="projects/IntegrazioneEagleFVG/IntegrazioneEagleFVG.csproj">
    <BuildType Solution="ReleaseFramework|*" Project="Release" />
  </Project>
  <Project Path="projects/PersonalLib2/PersonalLib2.csproj">
    <BuildType Solution="ReleaseFramework|*" Project="Release" />
  </Project>
  <Project Path="projects/SIGePro.Data/SIGePro.Data.csproj">
    <BuildType Solution="ReleaseFramework|*" Project="Release" />
  </Project>
  <Project Path="projects/SIGePro.DatiDinamici/SIGePro.DatiDinamici.v1.csproj">
    <BuildType Solution="ReleaseFramework|*" Project="Release" />
  </Project>
  <Project Path="projects/SIGePro.Exceptions/SIGePro.Exceptions.csproj">
    <BuildType Solution="ReleaseFramework|*" Project="Release" />
  </Project>
  <Project Path="projects/SIGePro.Manager.Authentication/SIGePro.Manager.Authentication.csproj">
    <BuildType Solution="ReleaseFramework|*" Project="Release" />
  </Project>
  <Project Path="projects/SIGePro.Manager.Configuration/SIGePro.Manager.Configuration.csproj">
    <BuildType Solution="ReleaseFramework|*" Project="Release" />
  </Project>
  <Project Path="projects/SIGePro.Manager.DTO/SIGePro.Manager.DTO.csproj">
    <BuildType Solution="ReleaseFramework|*" Project="Release" />
  </Project>
  <Project Path="projects/SIGePro.Manager.IOC/SIGePro.Manager.IOC.csproj" Id="c6c7eb0c-c632-4b1b-bf47-a17db934384e">
    <BuildType Solution="ReleaseFramework|*" Project="Release" />
  </Project>
  <Project Path="projects/SIGePro.Manager.Tests/SIGePro.Manager.Tests.csproj">
    <BuildType Solution="ReleaseFramework|*" Project="Release" />
    <Build Solution="ReleaseFramework|*" Project="false" />
  </Project>
  <Project Path="projects/SIGePro.Manager.Utils/SIGePro.Manager.Utils.csproj">
    <BuildType Solution="ReleaseFramework|*" Project="Release" />
  </Project>
  <Project Path="projects/SIGePro.Manager.Validator/SIGePro.Manager.Validator.csproj">
    <BuildType Solution="ReleaseFramework|*" Project="Release" />
  </Project>
  <Project Path="projects/SIGePro.Manager.Verticalizzazioni/SIGePro.Manager.Verticalizzazioni.csproj">
    <BuildType Solution="ReleaseFramework|*" Project="Release" />
  </Project>
  <Project Path="projects/SIGePro.Manager.VerticalizzazioniBase/SIGePro.Manager.VerticalizzazioniBase.csproj">
    <BuildType Solution="ReleaseFramework|*" Project="Release" />
  </Project>
  <Project Path="projects/SIGePro.Manager/SIGePro.Manager.csproj">
    <BuildType Solution="ReleaseFramework|*" Project="Release" />
  </Project>
  <Project Path="projects/Sigepro.net/Sigepro.net.csproj" Id="9b1e1760-23dd-4539-864c-c49a0ae2c3cf">
    <BuildType Solution="ReleaseFramework|*" Project="Release" />
  </Project>
  <Project Path="projects/SIGePro.Tasks/SIGePro.Tasks.csproj">
    <BuildType Solution="ReleaseFramework|*" Project="Release" />
  </Project>
  <Project Path="projects/SIGePro.WebControls/SIGePro.WebControls.csproj" Id="0018927b-e77c-42cf-a39a-2a164fdaa356">
    <BuildType Solution="ReleaseFramework|*" Project="Release" />
  </Project>
  <Project Path="projects/Tests/SIGePro.DatiDinamici.v1.Tests/SIGePro.DatiDinamici.v1.Tests.csproj">
    <BuildType Solution="ReleaseFramework|*" Project="Release" />
    <Build Solution="ReleaseFramework|*" Project="false" />
  </Project>
  <Project Path="projects/Vbg.EventBus/Vbg.EventBus.csproj">
    <BuildType Solution="ReleaseFramework|*" Project="Release" />
  </Project>
  <Project Path="projects/VBG.Shared.Infrastructure/VBG.Shared.Infrastructure.csproj">
    <BuildType Solution="ReleaseFramework|*" Project="Release" />
  </Project>
  <Project Path="projects/WSAtti/WSAtti.csproj">
    <BuildType Solution="ReleaseFramework|*" Project="Release" />
  </Project>
</Solution>
