<Solution>
  <Project Path="projects/ConfiguratoreCalcoli/ConfiguratoreCalcoli.csproj" />
  <Project Path="projects/Frontoffice/Init.Sigepro.FrontEnd.Infrastructure/Init.Sigepro.FrontEnd.Infrastructure.csproj" />
  <Project Path="projects/PersonalLib2/PersonalLib2.csproj" />
  <Project Path="projects/VBG.Shared.Infrastructure/VBG.Shared.Infrastructure.csproj" />
</Solution>
