<Solution>
  <Project Path="projects/Init.Utils/Init.Utils.csproj" />
  <Project Path="projects/PersonalLib2/PersonalLib2.csproj" />
  <Project Path="projects/SIGePro.Manager.Authentication/SIGePro.Manager.Authentication.csproj" />
  <Project Path="projects/SIGePro.Manager.Configuration/SIGePro.Manager.Configuration.csproj" />
  <Project Path="projects/SIGePro.Manager.IOC/SIGePro.Manager.IOC.csproj" />
  <Project Path="projects/SIGePro.Manager.VerticalizzazioniBase/SIGePro.Manager.VerticalizzazioniBase.csproj" />
  <Project Path="projects/SIGePro.SIT.Tests/VBG.Backend.SIT.Tests.csproj" />
  <Project Path="projects/VBG.Backend.SIT.AppLogic/VBG.Backend.SIT.AppLogic.csproj" Id="ad6f433f-1336-4847-b573-7c33b00950d9" />
  <Project Path="projects/VBG.Backend.SIT.Verticalizzazioni/VBG.Backend.SIT.Verticalizzazioni.csproj" />
  <Project Path="projects/VBG.Backend.SIT/VBG.Backend.SIT.csproj" Id="cfc2bb03-7c1d-4bc7-94fb-3ad76f0e8ccf" />
  <Project Path="projects/VBG.Shared.Infrastructure/VBG.Shared.Infrastructure.csproj" />
</Solution>
