<Solution>
  <Configurations>
    <BuildType Name="Debug" />
    <BuildType Name="Release" />
    <BuildType Name="ReleaseFramework" />
  </Configurations>
  <Project Path="projects/Init.Utils/Init.Utils.csproj">
    <BuildType Solution="ReleaseFramework|*" Project="Release" />
  </Project>
  <Project Path="projects/IntegrazioneCUnicoWS/IntegrazioneCUnicoWS.csproj">
    <BuildType Solution="ReleaseFramework|*" Project="Release" />
  </Project>
  <Project Path="projects/PersonalLib2/PersonalLib2.csproj">
    <BuildType Solution="ReleaseFramework|*" Project="Release" />
  </Project>
  <Project Path="projects/SIGePro.Data/SIGePro.Data.csproj">
    <BuildType Solution="ReleaseFramework|*" Project="Release" />
  </Project>
  <Project Path="projects/SIGePro.Exceptions/SIGePro.Exceptions.csproj">
    <BuildType Solution="ReleaseFramework|*" Project="Release" />
  </Project>
  <Project Path="projects/SIGePro.Manager.Authentication/SIGePro.Manager.Authentication.csproj">
    <BuildType Solution="ReleaseFramework|*" Project="Release" />
  </Project>
  <Project Path="projects/SIGePro.Manager.Configuration/SIGePro.Manager.Configuration.csproj">
    <BuildType Solution="ReleaseFramework|*" Project="Release" />
  </Project>
  <Project Path="projects/SIGePro.Manager.DTO/SIGePro.Manager.DTO.csproj">
    <BuildType Solution="ReleaseFramework|*" Project="Release" />
  </Project>
  <Project Path="projects/SIGePro.Manager.IOC/SIGePro.Manager.IOC.csproj">
    <BuildType Solution="ReleaseFramework|*" Project="Release" />
  </Project>
  <Project Path="projects/SIGePro.Manager.Utils/SIGePro.Manager.Utils.csproj">
    <BuildType Solution="ReleaseFramework|*" Project="Release" />
  </Project>
  <Project Path="projects/SIGePro.Manager.Validator/SIGePro.Manager.Validator.csproj">
    <BuildType Solution="ReleaseFramework|*" Project="Release" />
  </Project>
  <Project Path="projects/SIGePro.Manager.Verticalizzazioni/SIGePro.Manager.Verticalizzazioni.csproj">
    <BuildType Solution="ReleaseFramework|*" Project="Release" />
  </Project>
  <Project Path="projects/SIGePro.Manager.VerticalizzazioniBase/SIGePro.Manager.VerticalizzazioniBase.csproj">
    <BuildType Solution="ReleaseFramework|*" Project="Release" />
  </Project>
  <Project Path="projects/SIGePro.Manager/SIGePro.Manager.csproj">
    <BuildType Solution="ReleaseFramework|*" Project="Release" />
  </Project>
  <Project Path="projects/VBG.Backend.Protocollo.AppLogic.Core/VBG.Backend.Protocollo.AppLogic.Core.csproj" Id="e32c6431-7342-465a-af67-f8ba291dd0f4">
    <BuildType Solution="ReleaseFramework|*" Project="Release" />
    <Build Solution="ReleaseFramework|*" Project="false" />
  </Project>
  <Project Path="projects/VBG.Backend.Protocollo.AppLogic.Legacy/VBG.Backend.Protocollo.AppLogic.Legacy.csproj" Id="77801e08-a718-4b98-a1c7-4cb20167097a">
    <BuildType Solution="ReleaseFramework|*" Project="Release" />
  </Project>
  <Project Path="projects/VBG.Backend.Protocollo.AppLogic.Shared/VBG.Backend.Protocollo.AppLogic.Shared.csproj" Id="8409aac7-9e77-4082-96af-447680a3fcee">
    <BuildType Solution="ReleaseFramework|*" Project="Release" />
  </Project>
  <Project Path="projects/VBG.Backend.Protocollo.Verticalizzazioni.Core/VBG.Backend.Protocollo.Verticalizzazioni.Core.csproj" Id="2847017f-919a-4bf8-9596-68074bfab559">
    <BuildType Solution="ReleaseFramework|*" Project="Release" />
    <Build Solution="ReleaseFramework|*" Project="false" />
  </Project>
  <Project Path="projects/VBG.Backend.Protocollo.Verticalizzazioni.Legacy/VBG.Backend.Protocollo.Verticalizzazioni.Legacy.csproj" Id="2cdcb270-ac1e-4ea7-8d45-a5a802c4299a">
    <BuildType Solution="ReleaseFramework|*" Project="Release" />
  </Project>
  <Project Path="projects/VBG.Backend.Protocollo.WebApp.Core/VBG.Backend.Protocollo.WebApp.Core.csproj" Id="b994345f-8a1c-402f-b91a-738695012345">
    <BuildType Solution="ReleaseFramework|*" Project="Release" />
    <Build Solution="ReleaseFramework|*" Project="false" />
  </Project>
  <Project Path="projects/VBG.Backend.Protocollo.WebApp.Legacy/VBG.Backend.Protocollo.WebApp.Legacy.csproj" Id="0b849043-4397-45f8-a071-d214660662b1">
    <BuildType Solution="ReleaseFramework|*" Project="Release" />
  </Project>
  <Project Path="projects/VBG.Backend.Protocollo/VBG.Backend.Protocollo.Verticalizzazioni.Shared.csproj">
    <BuildType Solution="ReleaseFramework|*" Project="Release" />
  </Project>
  <Project Path="projects/Vbg.EventBus/Vbg.EventBus.csproj">
    <BuildType Solution="ReleaseFramework|*" Project="Release" />
  </Project>
  <Project Path="projects/VBG.Shared.Infrastructure/VBG.Shared.Infrastructure.csproj">
    <BuildType Solution="ReleaseFramework|*" Project="Release" />
  </Project>
</Solution>
