
Microsoft Visual Studio Solution File, Format Version 12.00
# Visual Studio Version 17
VisualStudioVersion = 17.14.36327.8
MinimumVisualStudioVersion = 10.0.40219.1
Project("{FAE04EC0-301F-11D3-BF4B-00C04F79EFBC}") = "VbgAppHost", "projects\VbgAppHost\VbgAppHost.csproj", "{ACF223B9-AB94-44F1-AEE5-475B03C986C4}"
EndProject
Project("{9A19103F-16F7-4668-BE54-9A1E7A4F7556}") = "AreaRiservataCore", "projects\AreaRiservataCore\AreaRiservataCore.csproj", "{410674AB-37F3-4E88-8FB4-E51F8D6E14EC}"
EndProject
Project("{9A19103F-16F7-4668-BE54-9A1E7A4F7556}") = "Init.Sigepro.FrontEnd.AppLogic", "projects\Frontoffice\Init.Sigepro.FrontEnd.AppLogic\Init.Sigepro.FrontEnd.AppLogic.csproj", "{3AD4A65C-A953-4C75-A99A-28FD22AC1A88}"
EndProject
Project("{9A19103F-16F7-4668-BE54-9A1E7A4F7556}") = "Init.Sigepro.FrontEnd.GestioneMovimenti", "projects\Frontoffice\Init.Sigepro.FrontEnd.GestioneMovimenti\Init.Sigepro.FrontEnd.GestioneMovimenti.csproj", "{16FEAC65-7AEC-4E3B-B2C0-ACCE9D8F44AF}"
EndProject
Project("{9A19103F-16F7-4668-BE54-9A1E7A4F7556}") = "Init.Sigepro.FrontEnd.Infrastructure", "projects\Frontoffice\Init.Sigepro.FrontEnd.Infrastructure\Init.Sigepro.FrontEnd.Infrastructure.csproj", "{30021AE7-FDD6-4225-ACA3-C023C6AEFF4B}"
EndProject
Project("{9A19103F-16F7-4668-BE54-9A1E7A4F7556}") = "Init.Utils", "projects\Init.Utils\Init.Utils.csproj", "{843B6C70-EA30-49D1-AADF-9E0E3736F396}"
EndProject
Project("{9A19103F-16F7-4668-BE54-9A1E7A4F7556}") = "PayServerClientNative", "projects\Frontoffice\PayServerClientNative\PayServerClientNative\PayServerClientNative.csproj", "{DA8C8436-2008-47A6-AC9F-9A06EF32D21F}"
EndProject
Project("{9A19103F-16F7-4668-BE54-9A1E7A4F7556}") = "PersonalLib2", "projects\PersonalLib2\PersonalLib2.csproj", "{5131D091-32E2-45DE-B0E5-1B13E63DE42C}"
EndProject
Project("{9A19103F-16F7-4668-BE54-9A1E7A4F7556}") = "SIGePro.Manager.DTO", "projects\SIGePro.Manager.DTO\SIGePro.Manager.DTO.csproj", "{B66142A7-F86B-4559-9A10-F1D5A34B401D}"
EndProject
Project("{9A19103F-16F7-4668-BE54-9A1E7A4F7556}") = "Init.Sigepro.FrontEnd.CoreServices", "projects\Init.Sigepro.FrontEnd.CoreServices\Init.Sigepro.FrontEnd.CoreServices.csproj", "{E068506D-AFE7-40BB-9DD8-5A78AFDCB115}"
EndProject
Project("{9A19103F-16F7-4668-BE54-9A1E7A4F7556}") = "Init.Sigepro.FrontEnd.AppLogic.ConnectedServices", "projects\Frontoffice\Init.Sigepro.FrontEnd.AppLogic.ConnectedServices\Init.Sigepro.FrontEnd.AppLogic.ConnectedServices.csproj", "{76BD742F-D2BA-4E73-8503-22FFE10CFF73}"
EndProject
Project("{9A19103F-16F7-4668-BE54-9A1E7A4F7556}") = "Init.Sigepro.FrontEnd.AppLogic.Pagamenti.Legacy", "projects\Frontoffice\Init.Sigepro.FrontEnd.AppLogic.Pagamenti.Legacy\Init.Sigepro.FrontEnd.AppLogic.Pagamenti.Legacy.csproj", "{33FE740E-9BBD-4367-AAF3-870BF8AF1ABD}"
EndProject
Project("{9A19103F-16F7-4668-BE54-9A1E7A4F7556}") = "Init.Sigepro.FrontEnd.AppLogic.Pagamenti.NodoPagamenti", "projects\Init.Sigepro.FrontEnd.AppLogic.Pagamenti.NodoPagamenti\Init.Sigepro.FrontEnd.AppLogic.Pagamenti.NodoPagamenti.csproj", "{7F6D36BC-F923-4667-8661-4559159962D5}"
EndProject
Project("{9A19103F-16F7-4668-BE54-9A1E7A4F7556}") = "VBG.Pagamenti.Legacy", "projects\VBG.Pagamenti.Legacy\VBG.Pagamenti.Legacy.csproj", "{EB3FBD72-1D54-480E-9FE1-F2EC67AFFC6F}"
EndProject
Project("{9A19103F-16F7-4668-BE54-9A1E7A4F7556}") = "VBG.Pagamenti.NodoPagamenti", "projects\VBG.Pagamenti.NodoPagamenti\VBG.Pagamenti.NodoPagamenti.csproj", "{39851DA8-674B-4819-B269-99499A746D81}"
EndProject
Project("{9A19103F-16F7-4668-BE54-9A1E7A4F7556}") = "VBG.Shared.Infrastructure", "projects\VBG.Shared.Infrastructure\VBG.Shared.Infrastructure.csproj", "{0AEAA06A-C8CC-4A3C-ADDD-803843441F6E}"
EndProject
Project("{9A19103F-16F7-4668-BE54-9A1E7A4F7556}") = "VBG.DataGrid", "projects\VBG.DataGrid\VBG.DataGrid.csproj", "{3E85B5B4-5867-4EBE-B181-5C0116B9B87A}"
EndProject
Project("{9A19103F-16F7-4668-BE54-9A1E7A4F7556}") = "VBG.AreaRiservataCore.Controls", "projects\VBG.OtherControls\VBG.AreaRiservataCore.Controls.csproj", "{C1D58680-F39A-4710-AEAF-B048C0FE8C4D}"
EndProject
Project("{9A19103F-16F7-4668-BE54-9A1E7A4F7556}") = "VBG.DatiDinamici.Agid.HtmlRendering", "projects\VBG.DatiDinamici.Agid.HtmlRendering\VBG.DatiDinamici.Agid.HtmlRendering.csproj", "{D6A97FDE-3BEC-4594-AEBF-E4F6B0E358A8}"
EndProject
Project("{9A19103F-16F7-4668-BE54-9A1E7A4F7556}") = "SIGePro.Data", "projects\SIGePro.Data\SIGePro.Data.csproj", "{2CBE0A68-4C71-4937-945F-C16DE1C8FAB9}"
EndProject
Project("{9A19103F-16F7-4668-BE54-9A1E7A4F7556}") = "SIGePro.Exceptions", "projects\SIGePro.Exceptions\SIGePro.Exceptions.csproj", "{EBD2D8DB-828B-4599-9742-D9C84AB289C7}"
EndProject
Project("{9A19103F-16F7-4668-BE54-9A1E7A4F7556}") = "SIGePro.Manager", "projects\SIGePro.Manager\SIGePro.Manager.csproj", "{A3AFA842-F5EE-40CC-930F-4FEB7927D4F3}"
EndProject
Project("{FAE04EC0-301F-11D3-BF4B-00C04F79EFBC}") = "SIGePro.Protocollo", "projects\SIGePro.Protocollo\SIGePro.Protocollo.csproj", "{42F1F8BD-76DA-4341-BC82-9C1D9F265C1E}"
EndProject
Project("{FAE04EC0-301F-11D3-BF4B-00C04F79EFBC}") = "SIGePro.SIT", "projects\SIGePro.SIT\SIGePro.SIT.csproj", "{FE37E348-909B-440C-8FCF-FD4102E906FF}"
EndProject
Project("{9A19103F-16F7-4668-BE54-9A1E7A4F7556}") = "SIGePro.Tasks", "projects\SIGePro.Tasks\SIGePro.Tasks.csproj", "{13B7839C-A249-4370-B982-E310717381D4}"
EndProject
Project("{9A19103F-16F7-4668-BE54-9A1E7A4F7556}") = "Vbg.EventBus", "projects\Vbg.EventBus\Vbg.EventBus.csproj", "{51D51482-E45B-4631-AFEF-8CCC8B9AC7A0}"
EndProject
Project("{9A19103F-16F7-4668-BE54-9A1E7A4F7556}") = "GestioneBandi.Asl3Genova", "projects\GestioneBandi.Asl3Genova\GestioneBandi.Asl3Genova.csproj", "{F78A6ABE-3725-4185-8D96-C9E2827AAAB6}"
EndProject
Project("{FAE04EC0-301F-11D3-BF4B-00C04F79EFBC}") = "GestioneBandi.Asl3Genova.Tests", "projects\GestioneBandi.Asl3Genova.Tests\GestioneBandi.Asl3Genova.Tests.csproj", "{2195351B-95F5-4F22-A6EE-49B24A7F5F1A}"
EndProject
Project("{9A19103F-16F7-4668-BE54-9A1E7A4F7556}") = "GestioneMercati.ReggioEmilia", "projects\GestioneMercati.ReggioEmilia\GestioneMercati.ReggioEmilia.csproj", "{555848CB-98A8-4535-9B46-7D4755863099}"
EndProject
Project("{9A19103F-16F7-4668-BE54-9A1E7A4F7556}") = "AspnetCoreServices", "projects\aspnet-core-services\AspnetCoreServices.csproj", "{14F93B1D-B1C7-44B3-B649-2F4C8DCD135A}"
EndProject
Project("{FAE04EC0-301F-11D3-BF4B-00C04F79EFBC}") = "IntegrazioneCUnicoWS", "projects\IntegrazioneCUnicoWS\IntegrazioneCUnicoWS.csproj", "{CEBEB577-6167-2908-037F-4E02D605D87C}"
EndProject
Global
	GlobalSection(SolutionConfigurationPlatforms) = preSolution
		Debug|Any CPU = Debug|Any CPU
		Release|Any CPU = Release|Any CPU
	EndGlobalSection
	GlobalSection(ProjectConfigurationPlatforms) = postSolution
		{ACF223B9-AB94-44F1-AEE5-475B03C986C4}.Debug|Any CPU.ActiveCfg = Debug|Any CPU
		{ACF223B9-AB94-44F1-AEE5-475B03C986C4}.Debug|Any CPU.Build.0 = Debug|Any CPU
		{ACF223B9-AB94-44F1-AEE5-475B03C986C4}.Release|Any CPU.ActiveCfg = Release|Any CPU
		{ACF223B9-AB94-44F1-AEE5-475B03C986C4}.Release|Any CPU.Build.0 = Release|Any CPU
		{410674AB-37F3-4E88-8FB4-E51F8D6E14EC}.Debug|Any CPU.ActiveCfg = Debug|Any CPU
		{410674AB-37F3-4E88-8FB4-E51F8D6E14EC}.Debug|Any CPU.Build.0 = Debug|Any CPU
		{410674AB-37F3-4E88-8FB4-E51F8D6E14EC}.Release|Any CPU.ActiveCfg = Release|Any CPU
		{410674AB-37F3-4E88-8FB4-E51F8D6E14EC}.Release|Any CPU.Build.0 = Release|Any CPU
		{3AD4A65C-A953-4C75-A99A-28FD22AC1A88}.Debug|Any CPU.ActiveCfg = Debug|Any CPU
		{3AD4A65C-A953-4C75-A99A-28FD22AC1A88}.Debug|Any CPU.Build.0 = Debug|Any CPU
		{3AD4A65C-A953-4C75-A99A-28FD22AC1A88}.Release|Any CPU.ActiveCfg = Release|Any CPU
		{3AD4A65C-A953-4C75-A99A-28FD22AC1A88}.Release|Any CPU.Build.0 = Release|Any CPU
		{16FEAC65-7AEC-4E3B-B2C0-ACCE9D8F44AF}.Debug|Any CPU.ActiveCfg = Debug|Any CPU
		{16FEAC65-7AEC-4E3B-B2C0-ACCE9D8F44AF}.Debug|Any CPU.Build.0 = Debug|Any CPU
		{16FEAC65-7AEC-4E3B-B2C0-ACCE9D8F44AF}.Release|Any CPU.ActiveCfg = Release|Any CPU
		{16FEAC65-7AEC-4E3B-B2C0-ACCE9D8F44AF}.Release|Any CPU.Build.0 = Release|Any CPU
		{30021AE7-FDD6-4225-ACA3-C023C6AEFF4B}.Debug|Any CPU.ActiveCfg = Debug|Any CPU
		{30021AE7-FDD6-4225-ACA3-C023C6AEFF4B}.Debug|Any CPU.Build.0 = Debug|Any CPU
		{30021AE7-FDD6-4225-ACA3-C023C6AEFF4B}.Release|Any CPU.ActiveCfg = Release|Any CPU
		{30021AE7-FDD6-4225-ACA3-C023C6AEFF4B}.Release|Any CPU.Build.0 = Release|Any CPU
		{843B6C70-EA30-49D1-AADF-9E0E3736F396}.Debug|Any CPU.ActiveCfg = Debug|Any CPU
		{843B6C70-EA30-49D1-AADF-9E0E3736F396}.Debug|Any CPU.Build.0 = Debug|Any CPU
		{843B6C70-EA30-49D1-AADF-9E0E3736F396}.Release|Any CPU.ActiveCfg = Release|Any CPU
		{843B6C70-EA30-49D1-AADF-9E0E3736F396}.Release|Any CPU.Build.0 = Release|Any CPU
		{DA8C8436-2008-47A6-AC9F-9A06EF32D21F}.Debug|Any CPU.ActiveCfg = Debug|Any CPU
		{DA8C8436-2008-47A6-AC9F-9A06EF32D21F}.Debug|Any CPU.Build.0 = Debug|Any CPU
		{DA8C8436-2008-47A6-AC9F-9A06EF32D21F}.Release|Any CPU.ActiveCfg = Release|Any CPU
		{DA8C8436-2008-47A6-AC9F-9A06EF32D21F}.Release|Any CPU.Build.0 = Release|Any CPU
		{5131D091-32E2-45DE-B0E5-1B13E63DE42C}.Debug|Any CPU.ActiveCfg = Debug|Any CPU
		{5131D091-32E2-45DE-B0E5-1B13E63DE42C}.Debug|Any CPU.Build.0 = Debug|Any CPU
		{5131D091-32E2-45DE-B0E5-1B13E63DE42C}.Release|Any CPU.ActiveCfg = Release|Any CPU
		{5131D091-32E2-45DE-B0E5-1B13E63DE42C}.Release|Any CPU.Build.0 = Release|Any CPU
		{B66142A7-F86B-4559-9A10-F1D5A34B401D}.Debug|Any CPU.ActiveCfg = Debug|Any CPU
		{B66142A7-F86B-4559-9A10-F1D5A34B401D}.Debug|Any CPU.Build.0 = Debug|Any CPU
		{B66142A7-F86B-4559-9A10-F1D5A34B401D}.Release|Any CPU.ActiveCfg = Release|Any CPU
		{B66142A7-F86B-4559-9A10-F1D5A34B401D}.Release|Any CPU.Build.0 = Release|Any CPU
		{E068506D-AFE7-40BB-9DD8-5A78AFDCB115}.Debug|Any CPU.ActiveCfg = Debug|Any CPU
		{E068506D-AFE7-40BB-9DD8-5A78AFDCB115}.Debug|Any CPU.Build.0 = Debug|Any CPU
		{E068506D-AFE7-40BB-9DD8-5A78AFDCB115}.Release|Any CPU.ActiveCfg = Release|Any CPU
		{E068506D-AFE7-40BB-9DD8-5A78AFDCB115}.Release|Any CPU.Build.0 = Release|Any CPU
		{76BD742F-D2BA-4E73-8503-22FFE10CFF73}.Debug|Any CPU.ActiveCfg = Debug|Any CPU
		{76BD742F-D2BA-4E73-8503-22FFE10CFF73}.Debug|Any CPU.Build.0 = Debug|Any CPU
		{76BD742F-D2BA-4E73-8503-22FFE10CFF73}.Release|Any CPU.ActiveCfg = Release|Any CPU
		{76BD742F-D2BA-4E73-8503-22FFE10CFF73}.Release|Any CPU.Build.0 = Release|Any CPU
		{33FE740E-9BBD-4367-AAF3-870BF8AF1ABD}.Debug|Any CPU.ActiveCfg = Debug|Any CPU
		{33FE740E-9BBD-4367-AAF3-870BF8AF1ABD}.Debug|Any CPU.Build.0 = Debug|Any CPU
		{33FE740E-9BBD-4367-AAF3-870BF8AF1ABD}.Release|Any CPU.ActiveCfg = Release|Any CPU
		{33FE740E-9BBD-4367-AAF3-870BF8AF1ABD}.Release|Any CPU.Build.0 = Release|Any CPU
		{7F6D36BC-F923-4667-8661-4559159962D5}.Debug|Any CPU.ActiveCfg = Debug|Any CPU
		{7F6D36BC-F923-4667-8661-4559159962D5}.Debug|Any CPU.Build.0 = Debug|Any CPU
		{7F6D36BC-F923-4667-8661-4559159962D5}.Release|Any CPU.ActiveCfg = Release|Any CPU
		{7F6D36BC-F923-4667-8661-4559159962D5}.Release|Any CPU.Build.0 = Release|Any CPU
		{EB3FBD72-1D54-480E-9FE1-F2EC67AFFC6F}.Debug|Any CPU.ActiveCfg = Debug|Any CPU
		{EB3FBD72-1D54-480E-9FE1-F2EC67AFFC6F}.Debug|Any CPU.Build.0 = Debug|Any CPU
		{EB3FBD72-1D54-480E-9FE1-F2EC67AFFC6F}.Release|Any CPU.ActiveCfg = Release|Any CPU
		{EB3FBD72-1D54-480E-9FE1-F2EC67AFFC6F}.Release|Any CPU.Build.0 = Release|Any CPU
		{39851DA8-674B-4819-B269-99499A746D81}.Debug|Any CPU.ActiveCfg = Debug|Any CPU
		{39851DA8-674B-4819-B269-99499A746D81}.Debug|Any CPU.Build.0 = Debug|Any CPU
		{39851DA8-674B-4819-B269-99499A746D81}.Release|Any CPU.ActiveCfg = Release|Any CPU
		{39851DA8-674B-4819-B269-99499A746D81}.Release|Any CPU.Build.0 = Release|Any CPU
		{0AEAA06A-C8CC-4A3C-ADDD-803843441F6E}.Debug|Any CPU.ActiveCfg = Debug|Any CPU
		{0AEAA06A-C8CC-4A3C-ADDD-803843441F6E}.Debug|Any CPU.Build.0 = Debug|Any CPU
		{0AEAA06A-C8CC-4A3C-ADDD-803843441F6E}.Release|Any CPU.ActiveCfg = Release|Any CPU
		{0AEAA06A-C8CC-4A3C-ADDD-803843441F6E}.Release|Any CPU.Build.0 = Release|Any CPU
		{3E85B5B4-5867-4EBE-B181-5C0116B9B87A}.Debug|Any CPU.ActiveCfg = Debug|Any CPU
		{3E85B5B4-5867-4EBE-B181-5C0116B9B87A}.Debug|Any CPU.Build.0 = Debug|Any CPU
		{3E85B5B4-5867-4EBE-B181-5C0116B9B87A}.Release|Any CPU.ActiveCfg = Release|Any CPU
		{3E85B5B4-5867-4EBE-B181-5C0116B9B87A}.Release|Any CPU.Build.0 = Release|Any CPU
		{C1D58680-F39A-4710-AEAF-B048C0FE8C4D}.Debug|Any CPU.ActiveCfg = Debug|Any CPU
		{C1D58680-F39A-4710-AEAF-B048C0FE8C4D}.Debug|Any CPU.Build.0 = Debug|Any CPU
		{C1D58680-F39A-4710-AEAF-B048C0FE8C4D}.Release|Any CPU.ActiveCfg = Release|Any CPU
		{C1D58680-F39A-4710-AEAF-B048C0FE8C4D}.Release|Any CPU.Build.0 = Release|Any CPU
		{D6A97FDE-3BEC-4594-AEBF-E4F6B0E358A8}.Debug|Any CPU.ActiveCfg = Debug|Any CPU
		{D6A97FDE-3BEC-4594-AEBF-E4F6B0E358A8}.Debug|Any CPU.Build.0 = Debug|Any CPU
		{D6A97FDE-3BEC-4594-AEBF-E4F6B0E358A8}.Release|Any CPU.ActiveCfg = Release|Any CPU
		{D6A97FDE-3BEC-4594-AEBF-E4F6B0E358A8}.Release|Any CPU.Build.0 = Release|Any CPU
		{2CBE0A68-4C71-4937-945F-C16DE1C8FAB9}.Debug|Any CPU.ActiveCfg = Debug|Any CPU
		{2CBE0A68-4C71-4937-945F-C16DE1C8FAB9}.Debug|Any CPU.Build.0 = Debug|Any CPU
		{2CBE0A68-4C71-4937-945F-C16DE1C8FAB9}.Release|Any CPU.ActiveCfg = Release|Any CPU
		{2CBE0A68-4C71-4937-945F-C16DE1C8FAB9}.Release|Any CPU.Build.0 = Release|Any CPU
		{EBD2D8DB-828B-4599-9742-D9C84AB289C7}.Debug|Any CPU.ActiveCfg = Debug|Any CPU
		{EBD2D8DB-828B-4599-9742-D9C84AB289C7}.Debug|Any CPU.Build.0 = Debug|Any CPU
		{EBD2D8DB-828B-4599-9742-D9C84AB289C7}.Release|Any CPU.ActiveCfg = Release|Any CPU
		{EBD2D8DB-828B-4599-9742-D9C84AB289C7}.Release|Any CPU.Build.0 = Release|Any CPU
		{A3AFA842-F5EE-40CC-930F-4FEB7927D4F3}.Debug|Any CPU.ActiveCfg = Debug|Any CPU
		{A3AFA842-F5EE-40CC-930F-4FEB7927D4F3}.Debug|Any CPU.Build.0 = Debug|Any CPU
		{A3AFA842-F5EE-40CC-930F-4FEB7927D4F3}.Release|Any CPU.ActiveCfg = Release|Any CPU
		{A3AFA842-F5EE-40CC-930F-4FEB7927D4F3}.Release|Any CPU.Build.0 = Release|Any CPU
		{42F1F8BD-76DA-4341-BC82-9C1D9F265C1E}.Debug|Any CPU.ActiveCfg = Debug|Any CPU
		{42F1F8BD-76DA-4341-BC82-9C1D9F265C1E}.Debug|Any CPU.Build.0 = Debug|Any CPU
		{42F1F8BD-76DA-4341-BC82-9C1D9F265C1E}.Release|Any CPU.ActiveCfg = Release|Any CPU
		{42F1F8BD-76DA-4341-BC82-9C1D9F265C1E}.Release|Any CPU.Build.0 = Release|Any CPU
		{FE37E348-909B-440C-8FCF-FD4102E906FF}.Debug|Any CPU.ActiveCfg = Debug|Any CPU
		{FE37E348-909B-440C-8FCF-FD4102E906FF}.Debug|Any CPU.Build.0 = Debug|Any CPU
		{FE37E348-909B-440C-8FCF-FD4102E906FF}.Release|Any CPU.ActiveCfg = Release|Any CPU
		{FE37E348-909B-440C-8FCF-FD4102E906FF}.Release|Any CPU.Build.0 = Release|Any CPU
		{13B7839C-A249-4370-B982-E310717381D4}.Debug|Any CPU.ActiveCfg = Debug|Any CPU
		{13B7839C-A249-4370-B982-E310717381D4}.Debug|Any CPU.Build.0 = Debug|Any CPU
		{13B7839C-A249-4370-B982-E310717381D4}.Release|Any CPU.ActiveCfg = Release|Any CPU
		{13B7839C-A249-4370-B982-E310717381D4}.Release|Any CPU.Build.0 = Release|Any CPU
		{51D51482-E45B-4631-AFEF-8CCC8B9AC7A0}.Debug|Any CPU.ActiveCfg = Debug|Any CPU
		{51D51482-E45B-4631-AFEF-8CCC8B9AC7A0}.Debug|Any CPU.Build.0 = Debug|Any CPU
		{51D51482-E45B-4631-AFEF-8CCC8B9AC7A0}.Release|Any CPU.ActiveCfg = Release|Any CPU
		{51D51482-E45B-4631-AFEF-8CCC8B9AC7A0}.Release|Any CPU.Build.0 = Release|Any CPU
		{F78A6ABE-3725-4185-8D96-C9E2827AAAB6}.Debug|Any CPU.ActiveCfg = Debug|Any CPU
		{F78A6ABE-3725-4185-8D96-C9E2827AAAB6}.Debug|Any CPU.Build.0 = Debug|Any CPU
		{F78A6ABE-3725-4185-8D96-C9E2827AAAB6}.Release|Any CPU.ActiveCfg = Release|Any CPU
		{F78A6ABE-3725-4185-8D96-C9E2827AAAB6}.Release|Any CPU.Build.0 = Release|Any CPU
		{2195351B-95F5-4F22-A6EE-49B24A7F5F1A}.Debug|Any CPU.ActiveCfg = Debug|Any CPU
		{2195351B-95F5-4F22-A6EE-49B24A7F5F1A}.Debug|Any CPU.Build.0 = Debug|Any CPU
		{2195351B-95F5-4F22-A6EE-49B24A7F5F1A}.Release|Any CPU.ActiveCfg = Release|Any CPU
		{2195351B-95F5-4F22-A6EE-49B24A7F5F1A}.Release|Any CPU.Build.0 = Release|Any CPU
		{555848CB-98A8-4535-9B46-7D4755863099}.Debug|Any CPU.ActiveCfg = Debug|Any CPU
		{555848CB-98A8-4535-9B46-7D4755863099}.Debug|Any CPU.Build.0 = Debug|Any CPU
		{555848CB-98A8-4535-9B46-7D4755863099}.Release|Any CPU.ActiveCfg = Release|Any CPU
		{555848CB-98A8-4535-9B46-7D4755863099}.Release|Any CPU.Build.0 = Release|Any CPU
		{14F93B1D-B1C7-44B3-B649-2F4C8DCD135A}.Debug|Any CPU.ActiveCfg = Debug|Any CPU
		{14F93B1D-B1C7-44B3-B649-2F4C8DCD135A}.Debug|Any CPU.Build.0 = Debug|Any CPU
		{14F93B1D-B1C7-44B3-B649-2F4C8DCD135A}.Release|Any CPU.ActiveCfg = Release|Any CPU
		{14F93B1D-B1C7-44B3-B649-2F4C8DCD135A}.Release|Any CPU.Build.0 = Release|Any CPU
		{CEBEB577-6167-2908-037F-4E02D605D87C}.Debug|Any CPU.ActiveCfg = Debug|Any CPU
		{CEBEB577-6167-2908-037F-4E02D605D87C}.Debug|Any CPU.Build.0 = Debug|Any CPU
		{CEBEB577-6167-2908-037F-4E02D605D87C}.Release|Any CPU.ActiveCfg = Release|Any CPU
		{CEBEB577-6167-2908-037F-4E02D605D87C}.Release|Any CPU.Build.0 = Release|Any CPU
	EndGlobalSection
	GlobalSection(SolutionProperties) = preSolution
		HideSolutionNode = FALSE
	EndGlobalSection
	GlobalSection(ExtensibilityGlobals) = postSolution
		SolutionGuid = {46881B85-4442-442F-B9F5-F338FE52BF1A}
	EndGlobalSection
EndGlobal
