
Microsoft Visual Studio Solution File, Format Version 12.00
# Visual Studio Version 18
VisualStudioVersion = 18.3.11520.95
MinimumVisualStudioVersion = 10.0.40219.1
Project("{FAE04EC0-301F-11D3-BF4B-00C04F79EFBC}") = "Sigepro.net", "projects\UI\Sigepro.net\Sigepro.net.csproj", "{9B1E1760-23DD-4539-864C-C49A0AE2C3CF}"
EndProject
Project("{FAE04EC0-301F-11D3-BF4B-00C04F79EFBC}") = "SIGePro.Data", "projects\Backoffice\SIGePro.Data\SIGePro.Data.csproj", "{2CBE0A68-4C71-4937-945F-C16DE1C8FAB9}"
EndProject
Project("{FAE04EC0-301F-11D3-BF4B-00C04F79EFBC}") = "SIGePro.DatiDinamici.v1", "projects\Backoffice\SIGePro.DatiDinamici\SIGePro.DatiDinamici.v1.csproj", "{9D4E4587-AC9F-44BA-B4E7-492DC01EA466}"
EndProject
Project("{FAE04EC0-301F-11D3-BF4B-00C04F79EFBC}") = "SIGePro.Exceptions", "projects\Backoffice\SIGePro.Exceptions\SIGePro.Exceptions.csproj", "{EBD2D8DB-828B-4599-9742-D9C84AB289C7}"
EndProject
Project("{FAE04EC0-301F-11D3-BF4B-00C04F79EFBC}") = "SIGePro.Manager", "projects\Backoffice\SIGePro.Manager\SIGePro.Manager.csproj", "{A3AFA842-F5EE-40CC-930F-4FEB7927D4F3}"
EndProject
Project("{FAE04EC0-301F-11D3-BF4B-00C04F79EFBC}") = "SIGePro.Manager.DTO", "projects\Backoffice\SIGePro.Manager.DTO\SIGePro.Manager.DTO.csproj", "{390B0136-6D16-4058-8A63-615EB76EF8A9}"
EndProject
Project("{FAE04EC0-301F-11D3-BF4B-00C04F79EFBC}") = "SIGePro.SIT", "projects\Backoffice\SIGePro.SIT\SIGePro.SIT.csproj", "{FE37E348-909B-440C-8FCF-FD4102E906FF}"
EndProject
Project("{FAE04EC0-301F-11D3-BF4B-00C04F79EFBC}") = "SIGePro.Tasks", "projects\Backoffice\SIGePro.Tasks\SIGePro.Tasks.csproj", "{13B7839C-A249-4370-B982-E310717381D4}"
EndProject
Project("{FAE04EC0-301F-11D3-BF4B-00C04F79EFBC}") = "SIGePro.WebControls", "projects\Backoffice\SIGePro.WebControls\SIGePro.WebControls.csproj", "{0018927B-E77C-42CF-A39A-2A164FDAA356}"
EndProject
Project("{FAE04EC0-301F-11D3-BF4B-00C04F79EFBC}") = "PersonalLib2", "projects\Utils\PersonalLib2.csproj", "{4E3A0651-3AE7-2E8C-2D35-8AD24E3EA22A}"
EndProject
Global
	GlobalSection(SolutionConfigurationPlatforms) = preSolution
		Allinea oggetti protocollo - DBG|Any CPU = Allinea oggetti protocollo - DBG|Any CPU
		Allinea oggetti protocollo - DBG|Mixed Platforms = Allinea oggetti protocollo - DBG|Mixed Platforms
		Allinea oggetti protocollo - DBG|x86 = Allinea oggetti protocollo - DBG|x86
		Debug|Any CPU = Debug|Any CPU
		Debug|Mixed Platforms = Debug|Mixed Platforms
		Debug|x86 = Debug|x86
		Release|Any CPU = Release|Any CPU
		Release|Mixed Platforms = Release|Mixed Platforms
		Release|x86 = Release|x86
	EndGlobalSection
	GlobalSection(ProjectConfigurationPlatforms) = postSolution
		{9B1E1760-23DD-4539-864C-C49A0AE2C3CF}.Allinea oggetti protocollo - DBG|Any CPU.ActiveCfg = Allinea oggetti protocollo - DBG|Any CPU
		{9B1E1760-23DD-4539-864C-C49A0AE2C3CF}.Allinea oggetti protocollo - DBG|Any CPU.Build.0 = Allinea oggetti protocollo - DBG|Any CPU
		{9B1E1760-23DD-4539-864C-C49A0AE2C3CF}.Allinea oggetti protocollo - DBG|Mixed Platforms.ActiveCfg = Allinea oggetti protocollo - DBG|Any CPU
		{9B1E1760-23DD-4539-864C-C49A0AE2C3CF}.Allinea oggetti protocollo - DBG|Mixed Platforms.Build.0 = Allinea oggetti protocollo - DBG|Any CPU
		{9B1E1760-23DD-4539-864C-C49A0AE2C3CF}.Allinea oggetti protocollo - DBG|x86.ActiveCfg = Allinea oggetti protocollo - DBG|Any CPU
		{9B1E1760-23DD-4539-864C-C49A0AE2C3CF}.Debug|Any CPU.ActiveCfg = Debug|Any CPU
		{9B1E1760-23DD-4539-864C-C49A0AE2C3CF}.Debug|Any CPU.Build.0 = Debug|Any CPU
		{9B1E1760-23DD-4539-864C-C49A0AE2C3CF}.Debug|Mixed Platforms.ActiveCfg = Debug|Any CPU
		{9B1E1760-23DD-4539-864C-C49A0AE2C3CF}.Debug|Mixed Platforms.Build.0 = Debug|Any CPU
		{9B1E1760-23DD-4539-864C-C49A0AE2C3CF}.Debug|x86.ActiveCfg = Debug|Any CPU
		{9B1E1760-23DD-4539-864C-C49A0AE2C3CF}.Release|Any CPU.ActiveCfg = Release|Any CPU
		{9B1E1760-23DD-4539-864C-C49A0AE2C3CF}.Release|Any CPU.Build.0 = Release|Any CPU
		{9B1E1760-23DD-4539-864C-C49A0AE2C3CF}.Release|Mixed Platforms.ActiveCfg = Release|Any CPU
		{9B1E1760-23DD-4539-864C-C49A0AE2C3CF}.Release|Mixed Platforms.Build.0 = Release|Any CPU
		{9B1E1760-23DD-4539-864C-C49A0AE2C3CF}.Release|x86.ActiveCfg = Release|Any CPU
		{2CBE0A68-4C71-4937-945F-C16DE1C8FAB9}.Allinea oggetti protocollo - DBG|Any CPU.ActiveCfg = Allinea oggetti protocollo - DBG|Any CPU
		{2CBE0A68-4C71-4937-945F-C16DE1C8FAB9}.Allinea oggetti protocollo - DBG|Any CPU.Build.0 = Allinea oggetti protocollo - DBG|Any CPU
		{2CBE0A68-4C71-4937-945F-C16DE1C8FAB9}.Allinea oggetti protocollo - DBG|Mixed Platforms.ActiveCfg = Allinea oggetti protocollo - DBG|Any CPU
		{2CBE0A68-4C71-4937-945F-C16DE1C8FAB9}.Allinea oggetti protocollo - DBG|Mixed Platforms.Build.0 = Allinea oggetti protocollo - DBG|Any CPU
		{2CBE0A68-4C71-4937-945F-C16DE1C8FAB9}.Allinea oggetti protocollo - DBG|x86.ActiveCfg = Allinea oggetti protocollo - DBG|Any CPU
		{2CBE0A68-4C71-4937-945F-C16DE1C8FAB9}.Debug|Any CPU.ActiveCfg = Debug|Any CPU
		{2CBE0A68-4C71-4937-945F-C16DE1C8FAB9}.Debug|Any CPU.Build.0 = Debug|Any CPU
		{2CBE0A68-4C71-4937-945F-C16DE1C8FAB9}.Debug|Mixed Platforms.ActiveCfg = Debug|Any CPU
		{2CBE0A68-4C71-4937-945F-C16DE1C8FAB9}.Debug|Mixed Platforms.Build.0 = Debug|Any CPU
		{2CBE0A68-4C71-4937-945F-C16DE1C8FAB9}.Debug|x86.ActiveCfg = Debug|Any CPU
		{2CBE0A68-4C71-4937-945F-C16DE1C8FAB9}.Release|Any CPU.ActiveCfg = Release|Any CPU
		{2CBE0A68-4C71-4937-945F-C16DE1C8FAB9}.Release|Any CPU.Build.0 = Release|Any CPU
		{2CBE0A68-4C71-4937-945F-C16DE1C8FAB9}.Release|Mixed Platforms.ActiveCfg = Release|Any CPU
		{2CBE0A68-4C71-4937-945F-C16DE1C8FAB9}.Release|Mixed Platforms.Build.0 = Release|Any CPU
		{2CBE0A68-4C71-4937-945F-C16DE1C8FAB9}.Release|x86.ActiveCfg = Release|Any CPU
		{9D4E4587-AC9F-44BA-B4E7-492DC01EA466}.Allinea oggetti protocollo - DBG|Any CPU.ActiveCfg = Allinea oggetti protocollo - DBG|Any CPU
		{9D4E4587-AC9F-44BA-B4E7-492DC01EA466}.Allinea oggetti protocollo - DBG|Any CPU.Build.0 = Allinea oggetti protocollo - DBG|Any CPU
		{9D4E4587-AC9F-44BA-B4E7-492DC01EA466}.Allinea oggetti protocollo - DBG|Mixed Platforms.ActiveCfg = Allinea oggetti protocollo - DBG|Any CPU
		{9D4E4587-AC9F-44BA-B4E7-492DC01EA466}.Allinea oggetti protocollo - DBG|Mixed Platforms.Build.0 = Allinea oggetti protocollo - DBG|Any CPU
		{9D4E4587-AC9F-44BA-B4E7-492DC01EA466}.Allinea oggetti protocollo - DBG|x86.ActiveCfg = Allinea oggetti protocollo - DBG|Any CPU
		{9D4E4587-AC9F-44BA-B4E7-492DC01EA466}.Debug|Any CPU.ActiveCfg = Debug|Any CPU
		{9D4E4587-AC9F-44BA-B4E7-492DC01EA466}.Debug|Any CPU.Build.0 = Debug|Any CPU
		{9D4E4587-AC9F-44BA-B4E7-492DC01EA466}.Debug|Mixed Platforms.ActiveCfg = Debug|Any CPU
		{9D4E4587-AC9F-44BA-B4E7-492DC01EA466}.Debug|Mixed Platforms.Build.0 = Debug|Any CPU
		{9D4E4587-AC9F-44BA-B4E7-492DC01EA466}.Debug|x86.ActiveCfg = Debug|Any CPU
		{9D4E4587-AC9F-44BA-B4E7-492DC01EA466}.Release|Any CPU.ActiveCfg = Release|Any CPU
		{9D4E4587-AC9F-44BA-B4E7-492DC01EA466}.Release|Any CPU.Build.0 = Release|Any CPU
		{9D4E4587-AC9F-44BA-B4E7-492DC01EA466}.Release|Mixed Platforms.ActiveCfg = Release|Any CPU
		{9D4E4587-AC9F-44BA-B4E7-492DC01EA466}.Release|Mixed Platforms.Build.0 = Release|Any CPU
		{9D4E4587-AC9F-44BA-B4E7-492DC01EA466}.Release|x86.ActiveCfg = Release|Any CPU
		{EBD2D8DB-828B-4599-9742-D9C84AB289C7}.Allinea oggetti protocollo - DBG|Any CPU.ActiveCfg = Allinea oggetti protocollo - DBG|Any CPU
		{EBD2D8DB-828B-4599-9742-D9C84AB289C7}.Allinea oggetti protocollo - DBG|Any CPU.Build.0 = Allinea oggetti protocollo - DBG|Any CPU
		{EBD2D8DB-828B-4599-9742-D9C84AB289C7}.Allinea oggetti protocollo - DBG|Mixed Platforms.ActiveCfg = Allinea oggetti protocollo - DBG|Any CPU
		{EBD2D8DB-828B-4599-9742-D9C84AB289C7}.Allinea oggetti protocollo - DBG|Mixed Platforms.Build.0 = Allinea oggetti protocollo - DBG|Any CPU
		{EBD2D8DB-828B-4599-9742-D9C84AB289C7}.Allinea oggetti protocollo - DBG|x86.ActiveCfg = Allinea oggetti protocollo - DBG|Any CPU
		{EBD2D8DB-828B-4599-9742-D9C84AB289C7}.Debug|Any CPU.ActiveCfg = Debug|Any CPU
		{EBD2D8DB-828B-4599-9742-D9C84AB289C7}.Debug|Any CPU.Build.0 = Debug|Any CPU
		{EBD2D8DB-828B-4599-9742-D9C84AB289C7}.Debug|Mixed Platforms.ActiveCfg = Debug|Any CPU
		{EBD2D8DB-828B-4599-9742-D9C84AB289C7}.Debug|Mixed Platforms.Build.0 = Debug|Any CPU
		{EBD2D8DB-828B-4599-9742-D9C84AB289C7}.Debug|x86.ActiveCfg = Debug|Any CPU
		{EBD2D8DB-828B-4599-9742-D9C84AB289C7}.Release|Any CPU.ActiveCfg = Release|Any CPU
		{EBD2D8DB-828B-4599-9742-D9C84AB289C7}.Release|Any CPU.Build.0 = Release|Any CPU
		{EBD2D8DB-828B-4599-9742-D9C84AB289C7}.Release|Mixed Platforms.ActiveCfg = Release|Any CPU
		{EBD2D8DB-828B-4599-9742-D9C84AB289C7}.Release|Mixed Platforms.Build.0 = Release|Any CPU
		{EBD2D8DB-828B-4599-9742-D9C84AB289C7}.Release|x86.ActiveCfg = Release|Any CPU
		{A3AFA842-F5EE-40CC-930F-4FEB7927D4F3}.Allinea oggetti protocollo - DBG|Any CPU.ActiveCfg = Allinea oggetti protocollo - DBG|Any CPU
		{A3AFA842-F5EE-40CC-930F-4FEB7927D4F3}.Allinea oggetti protocollo - DBG|Any CPU.Build.0 = Allinea oggetti protocollo - DBG|Any CPU
		{A3AFA842-F5EE-40CC-930F-4FEB7927D4F3}.Allinea oggetti protocollo - DBG|Mixed Platforms.ActiveCfg = Allinea oggetti protocollo - DBG|Any CPU
		{A3AFA842-F5EE-40CC-930F-4FEB7927D4F3}.Allinea oggetti protocollo - DBG|Mixed Platforms.Build.0 = Allinea oggetti protocollo - DBG|Any CPU
		{A3AFA842-F5EE-40CC-930F-4FEB7927D4F3}.Allinea oggetti protocollo - DBG|x86.ActiveCfg = Allinea oggetti protocollo - DBG|Any CPU
		{A3AFA842-F5EE-40CC-930F-4FEB7927D4F3}.Debug|Any CPU.ActiveCfg = Debug|Any CPU
		{A3AFA842-F5EE-40CC-930F-4FEB7927D4F3}.Debug|Any CPU.Build.0 = Debug|Any CPU
		{A3AFA842-F5EE-40CC-930F-4FEB7927D4F3}.Debug|Mixed Platforms.ActiveCfg = Debug|Any CPU
		{A3AFA842-F5EE-40CC-930F-4FEB7927D4F3}.Debug|Mixed Platforms.Build.0 = Debug|Any CPU
		{A3AFA842-F5EE-40CC-930F-4FEB7927D4F3}.Debug|x86.ActiveCfg = Debug|Any CPU
		{A3AFA842-F5EE-40CC-930F-4FEB7927D4F3}.Release|Any CPU.ActiveCfg = Release|Any CPU
		{A3AFA842-F5EE-40CC-930F-4FEB7927D4F3}.Release|Any CPU.Build.0 = Release|Any CPU
		{A3AFA842-F5EE-40CC-930F-4FEB7927D4F3}.Release|Mixed Platforms.ActiveCfg = Release|Any CPU
		{A3AFA842-F5EE-40CC-930F-4FEB7927D4F3}.Release|Mixed Platforms.Build.0 = Release|Any CPU
		{A3AFA842-F5EE-40CC-930F-4FEB7927D4F3}.Release|x86.ActiveCfg = Release|Any CPU
		{390B0136-6D16-4058-8A63-615EB76EF8A9}.Allinea oggetti protocollo - DBG|Any CPU.ActiveCfg = Allinea oggetti protocollo - DBG|Any CPU
		{390B0136-6D16-4058-8A63-615EB76EF8A9}.Allinea oggetti protocollo - DBG|Any CPU.Build.0 = Allinea oggetti protocollo - DBG|Any CPU
		{390B0136-6D16-4058-8A63-615EB76EF8A9}.Allinea oggetti protocollo - DBG|Mixed Platforms.ActiveCfg = Allinea oggetti protocollo - DBG|Any CPU
		{390B0136-6D16-4058-8A63-615EB76EF8A9}.Allinea oggetti protocollo - DBG|Mixed Platforms.Build.0 = Allinea oggetti protocollo - DBG|Any CPU
		{390B0136-6D16-4058-8A63-615EB76EF8A9}.Allinea oggetti protocollo - DBG|x86.ActiveCfg = Allinea oggetti protocollo - DBG|Any CPU
		{390B0136-6D16-4058-8A63-615EB76EF8A9}.Debug|Any CPU.ActiveCfg = Debug|Any CPU
		{390B0136-6D16-4058-8A63-615EB76EF8A9}.Debug|Any CPU.Build.0 = Debug|Any CPU
		{390B0136-6D16-4058-8A63-615EB76EF8A9}.Debug|Mixed Platforms.ActiveCfg = Debug|Any CPU
		{390B0136-6D16-4058-8A63-615EB76EF8A9}.Debug|Mixed Platforms.Build.0 = Debug|Any CPU
		{390B0136-6D16-4058-8A63-615EB76EF8A9}.Debug|x86.ActiveCfg = Debug|Any CPU
		{390B0136-6D16-4058-8A63-615EB76EF8A9}.Release|Any CPU.ActiveCfg = Release|Any CPU
		{390B0136-6D16-4058-8A63-615EB76EF8A9}.Release|Any CPU.Build.0 = Release|Any CPU
		{390B0136-6D16-4058-8A63-615EB76EF8A9}.Release|Mixed Platforms.ActiveCfg = Release|Any CPU
		{390B0136-6D16-4058-8A63-615EB76EF8A9}.Release|Mixed Platforms.Build.0 = Release|Any CPU
		{390B0136-6D16-4058-8A63-615EB76EF8A9}.Release|x86.ActiveCfg = Release|Any CPU
		{FE37E348-909B-440C-8FCF-FD4102E906FF}.Allinea oggetti protocollo - DBG|Any CPU.ActiveCfg = Allinea oggetti protocollo - DBG|Any CPU
		{FE37E348-909B-440C-8FCF-FD4102E906FF}.Allinea oggetti protocollo - DBG|Any CPU.Build.0 = Allinea oggetti protocollo - DBG|Any CPU
		{FE37E348-909B-440C-8FCF-FD4102E906FF}.Allinea oggetti protocollo - DBG|Mixed Platforms.ActiveCfg = Allinea oggetti protocollo - DBG|Any CPU
		{FE37E348-909B-440C-8FCF-FD4102E906FF}.Allinea oggetti protocollo - DBG|Mixed Platforms.Build.0 = Allinea oggetti protocollo - DBG|Any CPU
		{FE37E348-909B-440C-8FCF-FD4102E906FF}.Allinea oggetti protocollo - DBG|x86.ActiveCfg = Allinea oggetti protocollo - DBG|Any CPU
		{FE37E348-909B-440C-8FCF-FD4102E906FF}.Debug|Any CPU.ActiveCfg = Debug|Any CPU
		{FE37E348-909B-440C-8FCF-FD4102E906FF}.Debug|Any CPU.Build.0 = Debug|Any CPU
		{FE37E348-909B-440C-8FCF-FD4102E906FF}.Debug|Mixed Platforms.ActiveCfg = Debug|Any CPU
		{FE37E348-909B-440C-8FCF-FD4102E906FF}.Debug|Mixed Platforms.Build.0 = Debug|Any CPU
		{FE37E348-909B-440C-8FCF-FD4102E906FF}.Debug|x86.ActiveCfg = Debug|Any CPU
		{FE37E348-909B-440C-8FCF-FD4102E906FF}.Release|Any CPU.ActiveCfg = Release|Any CPU
		{FE37E348-909B-440C-8FCF-FD4102E906FF}.Release|Any CPU.Build.0 = Release|Any CPU
		{FE37E348-909B-440C-8FCF-FD4102E906FF}.Release|Mixed Platforms.ActiveCfg = Release|Any CPU
		{FE37E348-909B-440C-8FCF-FD4102E906FF}.Release|Mixed Platforms.Build.0 = Release|Any CPU
		{FE37E348-909B-440C-8FCF-FD4102E906FF}.Release|x86.ActiveCfg = Release|Any CPU
		{13B7839C-A249-4370-B982-E310717381D4}.Allinea oggetti protocollo - DBG|Any CPU.ActiveCfg = Allinea oggetti protocollo - DBG|Any CPU
		{13B7839C-A249-4370-B982-E310717381D4}.Allinea oggetti protocollo - DBG|Any CPU.Build.0 = Allinea oggetti protocollo - DBG|Any CPU
		{13B7839C-A249-4370-B982-E310717381D4}.Allinea oggetti protocollo - DBG|Mixed Platforms.ActiveCfg = Allinea oggetti protocollo - DBG|Any CPU
		{13B7839C-A249-4370-B982-E310717381D4}.Allinea oggetti protocollo - DBG|Mixed Platforms.Build.0 = Allinea oggetti protocollo - DBG|Any CPU
		{13B7839C-A249-4370-B982-E310717381D4}.Allinea oggetti protocollo - DBG|x86.ActiveCfg = Allinea oggetti protocollo - DBG|Any CPU
		{13B7839C-A249-4370-B982-E310717381D4}.Debug|Any CPU.ActiveCfg = Debug|Any CPU
		{13B7839C-A249-4370-B982-E310717381D4}.Debug|Any CPU.Build.0 = Debug|Any CPU
		{13B7839C-A249-4370-B982-E310717381D4}.Debug|Mixed Platforms.ActiveCfg = Debug|Any CPU
		{13B7839C-A249-4370-B982-E310717381D4}.Debug|Mixed Platforms.Build.0 = Debug|Any CPU
		{13B7839C-A249-4370-B982-E310717381D4}.Debug|x86.ActiveCfg = Debug|Any CPU
		{13B7839C-A249-4370-B982-E310717381D4}.Release|Any CPU.ActiveCfg = Release|Any CPU
		{13B7839C-A249-4370-B982-E310717381D4}.Release|Any CPU.Build.0 = Release|Any CPU
		{13B7839C-A249-4370-B982-E310717381D4}.Release|Mixed Platforms.ActiveCfg = Release|Any CPU
		{13B7839C-A249-4370-B982-E310717381D4}.Release|Mixed Platforms.Build.0 = Release|Any CPU
		{13B7839C-A249-4370-B982-E310717381D4}.Release|x86.ActiveCfg = Release|Any CPU
		{0018927B-E77C-42CF-A39A-2A164FDAA356}.Allinea oggetti protocollo - DBG|Any CPU.ActiveCfg = Allinea oggetti protocollo - DBG|Any CPU
		{0018927B-E77C-42CF-A39A-2A164FDAA356}.Allinea oggetti protocollo - DBG|Any CPU.Build.0 = Allinea oggetti protocollo - DBG|Any CPU
		{0018927B-E77C-42CF-A39A-2A164FDAA356}.Allinea oggetti protocollo - DBG|Mixed Platforms.ActiveCfg = Allinea oggetti protocollo - DBG|Any CPU
		{0018927B-E77C-42CF-A39A-2A164FDAA356}.Allinea oggetti protocollo - DBG|Mixed Platforms.Build.0 = Allinea oggetti protocollo - DBG|Any CPU
		{0018927B-E77C-42CF-A39A-2A164FDAA356}.Allinea oggetti protocollo - DBG|x86.ActiveCfg = Allinea oggetti protocollo - DBG|Any CPU
		{0018927B-E77C-42CF-A39A-2A164FDAA356}.Debug|Any CPU.ActiveCfg = Debug|Any CPU
		{0018927B-E77C-42CF-A39A-2A164FDAA356}.Debug|Any CPU.Build.0 = Debug|Any CPU
		{0018927B-E77C-42CF-A39A-2A164FDAA356}.Debug|Mixed Platforms.ActiveCfg = Debug|Any CPU
		{0018927B-E77C-42CF-A39A-2A164FDAA356}.Debug|Mixed Platforms.Build.0 = Debug|Any CPU
		{0018927B-E77C-42CF-A39A-2A164FDAA356}.Debug|x86.ActiveCfg = Debug|Any CPU
		{0018927B-E77C-42CF-A39A-2A164FDAA356}.Release|Any CPU.ActiveCfg = Release|Any CPU
		{0018927B-E77C-42CF-A39A-2A164FDAA356}.Release|Any CPU.Build.0 = Release|Any CPU
		{0018927B-E77C-42CF-A39A-2A164FDAA356}.Release|Mixed Platforms.ActiveCfg = Release|Any CPU
		{0018927B-E77C-42CF-A39A-2A164FDAA356}.Release|Mixed Platforms.Build.0 = Release|Any CPU
		{0018927B-E77C-42CF-A39A-2A164FDAA356}.Release|x86.ActiveCfg = Release|Any CPU
		{4E3A0651-3AE7-2E8C-2D35-8AD24E3EA22A}.Allinea oggetti protocollo - DBG|Any CPU.ActiveCfg = Debug|Any CPU
		{4E3A0651-3AE7-2E8C-2D35-8AD24E3EA22A}.Allinea oggetti protocollo - DBG|Any CPU.Build.0 = Debug|Any CPU
		{4E3A0651-3AE7-2E8C-2D35-8AD24E3EA22A}.Allinea oggetti protocollo - DBG|Mixed Platforms.ActiveCfg = Debug|Any CPU
		{4E3A0651-3AE7-2E8C-2D35-8AD24E3EA22A}.Allinea oggetti protocollo - DBG|Mixed Platforms.Build.0 = Debug|Any CPU
		{4E3A0651-3AE7-2E8C-2D35-8AD24E3EA22A}.Allinea oggetti protocollo - DBG|x86.ActiveCfg = Debug|Any CPU
		{4E3A0651-3AE7-2E8C-2D35-8AD24E3EA22A}.Allinea oggetti protocollo - DBG|x86.Build.0 = Debug|Any CPU
		{4E3A0651-3AE7-2E8C-2D35-8AD24E3EA22A}.Debug|Any CPU.ActiveCfg = Debug|Any CPU
		{4E3A0651-3AE7-2E8C-2D35-8AD24E3EA22A}.Debug|Any CPU.Build.0 = Debug|Any CPU
		{4E3A0651-3AE7-2E8C-2D35-8AD24E3EA22A}.Debug|Mixed Platforms.ActiveCfg = Debug|Any CPU
		{4E3A0651-3AE7-2E8C-2D35-8AD24E3EA22A}.Debug|Mixed Platforms.Build.0 = Debug|Any CPU
		{4E3A0651-3AE7-2E8C-2D35-8AD24E3EA22A}.Debug|x86.ActiveCfg = Debug|Any CPU
		{4E3A0651-3AE7-2E8C-2D35-8AD24E3EA22A}.Debug|x86.Build.0 = Debug|Any CPU
		{4E3A0651-3AE7-2E8C-2D35-8AD24E3EA22A}.Release|Any CPU.ActiveCfg = Release|Any CPU
		{4E3A0651-3AE7-2E8C-2D35-8AD24E3EA22A}.Release|Any CPU.Build.0 = Release|Any CPU
		{4E3A0651-3AE7-2E8C-2D35-8AD24E3EA22A}.Release|Mixed Platforms.ActiveCfg = Release|Any CPU
		{4E3A0651-3AE7-2E8C-2D35-8AD24E3EA22A}.Release|Mixed Platforms.Build.0 = Release|Any CPU
		{4E3A0651-3AE7-2E8C-2D35-8AD24E3EA22A}.Release|x86.ActiveCfg = Release|Any CPU
		{4E3A0651-3AE7-2E8C-2D35-8AD24E3EA22A}.Release|x86.Build.0 = Release|Any CPU
	EndGlobalSection
	GlobalSection(SolutionProperties) = preSolution
		HideSolutionNode = FALSE
	EndGlobalSection
	GlobalSection(TestCaseManagementSettings) = postSolution
		CategoryFile = Backoffice.vsmdi
	EndGlobalSection
EndGlobal
