{
  "name": "init-sigepro-frontend",
  "version": "1.0.0",
  "lockfileVersion": 2,
  "requires": true,
  "packages": {
    "": {
      "name": "init-sigepro-frontend",
      "version": "1.0.0",
      "license": "UNLICENSED",
      "devDependencies": {
        "@types/jquery": "^3.3.31",
        "@types/jqueryui": "^1.12.7"
      }
    },
    "node_modules/@types/jquery": {
      "version": "3.5.34",
      "resolved": "https://registry.npmjs.org/@types/jquery/-/jquery-3.5.34.tgz",
      "integrity": "sha512-3m3939S3erqmTLJANS/uy0B6V7BorKx7RorcGZVjZ62dF5PAGbKEDZK1CuLtKombJkFA2T1jl8LAIIs7IV6gBQ==",
      "dev": true,
      "license": "MIT",
      "dependencies": {
        "@types/sizzle": "*"
      }
    },
    "node_modules/@types/jqueryui": {
      "version": "1.12.24",
      "resolved": "https://registry.npmjs.org/@types/jqueryui/-/jqueryui-1.12.24.tgz",
      "integrity": "sha512-E2sGULwzMhg4kAeOV+gYcXjg988RuPkviWCt09jLe6GGK9sHM7dTqS8H7JMuUWoZQBucIBzBAgM5o/ezKUFkeg==",
      "dev": true,
      "license": "MIT",
      "dependencies": {
        "@types/jquery": "*"
      }
    },
    "node_modules/@types/sizzle": {
      "version": "2.3.10",
      "resolved": "https://registry.npmjs.org/@types/sizzle/-/sizzle-2.3.10.tgz",
      "integrity": "sha512-TC0dmN0K8YcWEAEfiPi5gJP14eJe30TTGjkvek3iM/1NdHHsdCA/Td6GvNndMOo/iSnIsZ4HuuhrYPDAmbxzww==",
      "dev": true,
      "license": "MIT"
    }
  },
  "dependencies": {
    "@types/jquery": {
      "version": "3.5.34",
      "resolved": "https://registry.npmjs.org/@types/jquery/-/jquery-3.5.34.tgz",
      "integrity": "sha512-3m3939S3erqmTLJANS/uy0B6V7BorKx7RorcGZVjZ62dF5PAGbKEDZK1CuLtKombJkFA2T1jl8LAIIs7IV6gBQ==",
      "dev": true,
      "requires": {
        "@types/sizzle": "*"
      }
    },
    "@types/jqueryui": {
      "version": "1.12.24",
      "resolved": "https://registry.npmjs.org/@types/jqueryui/-/jqueryui-1.12.24.tgz",
      "integrity": "sha512-E2sGULwzMhg4kAeOV+gYcXjg988RuPkviWCt09jLe6GGK9sHM7dTqS8H7JMuUWoZQBucIBzBAgM5o/ezKUFkeg==",
      "dev": true,
      "requires": {
        "@types/jquery": "*"
      }
    },
    "@types/sizzle": {
      "version": "2.3.10",
      "resolved": "https://registry.npmjs.org/@types/sizzle/-/sizzle-2.3.10.tgz",
      "integrity": "sha512-TC0dmN0K8YcWEAEfiPi5gJP14eJe30TTGjkvek3iM/1NdHHsdCA/Td6GvNndMOo/iSnIsZ4HuuhrYPDAmbxzww==",
      "dev": true
    }
  }
}
