
Microsoft Visual Studio Solution File, Format Version 12.00
# Visual Studio Version 17
VisualStudioVersion = 17.8.34511.84
MinimumVisualStudioVersion = 10.0.40219.1
Project("{FAE04EC0-301F-11D3-BF4B-00C04F79EFBC}") = "Export", "Export\Export.csproj", "{E8B69674-B62A-4618-BF66-08EBE6032EEA}"
EndProject
Project("{FAE04EC0-301F-11D3-BF4B-00C04F79EFBC}") = "ExportTest", "ExportTest\ExportTest.csproj", "{8356F821-A1E1-46F5-9D9E-9FE3E745FD35}"
EndProject
Project("{FAE04EC0-301F-11D3-BF4B-00C04F79EFBC}") = "Parser", "Parser\Parser.csproj", "{217F4B75-ECDA-4971-AF29-4C672F2B40C0}"
EndProject
Project("{FAE04EC0-301F-11D3-BF4B-00C04F79EFBC}") = "SigeproExportData", "SigeproExportData\SigeproExportData.csproj", "{9C87F9F7-3410-41F9-88B6-81E3A58206D5}"
EndProject
Project("{FAE04EC0-301F-11D3-BF4B-00C04F79EFBC}") = "WebSigeproExport", "WebSigeproExport\WebSigeproExport.csproj", "{9FFB53C4-8453-4E3A-8E46-8E6DF530CF89}"
EndProject
Project("{FAE04EC0-301F-11D3-BF4B-00C04F79EFBC}") = "WSSigeproExport", "WSSigeproExport\WSSigeproExport.csproj", "{50784644-996C-423D-B129-8B12D677B2B0}"
EndProject
Project("{FAE04EC0-301F-11D3-BF4B-00C04F79EFBC}") = "PersonalLib2", "..\..\projects\PersonalLib2\PersonalLib2.csproj", "{35C143F0-FC95-70EF-7F17-73081F5C9866}"
EndProject
Project("{FAE04EC0-301F-11D3-BF4B-00C04F79EFBC}") = "Init.Utils", "..\..\projects\Init.Utils\Init.Utils.csproj", "{4A3006F8-9F8C-D12E-4F38-4E711664E2D4}"
EndProject
Project("{FAE04EC0-301F-11D3-BF4B-00C04F79EFBC}") = "VBG.Shared.Infrastructure", "..\..\projects\VBG.Shared.Infrastructure\VBG.Shared.Infrastructure.csproj", "{535174C3-E869-A297-AB95-E3E57039CE05}"
EndProject
Project("{FAE04EC0-301F-11D3-BF4B-00C04F79EFBC}") = "SIGePro.Manager", "..\..\projects\SIGePro.Manager\SIGePro.Manager.csproj", "{6289AD2F-A396-C8D9-8BD5-1C3A4AEEB779}"
EndProject
Project("{FAE04EC0-301F-11D3-BF4B-00C04F79EFBC}") = "SIGePro.Data", "..\..\projects\SIGePro.Data\SIGePro.Data.csproj", "{CA165317-FAC5-41C4-B981-0677710E478C}"
EndProject
Global
	GlobalSection(SolutionConfigurationPlatforms) = preSolution
		Debug|Any CPU = Debug|Any CPU
		Release|Any CPU = Release|Any CPU
	EndGlobalSection
	GlobalSection(ProjectConfigurationPlatforms) = postSolution
		{E8B69674-B62A-4618-BF66-08EBE6032EEA}.Debug|Any CPU.ActiveCfg = Debug|Any CPU
		{E8B69674-B62A-4618-BF66-08EBE6032EEA}.Debug|Any CPU.Build.0 = Debug|Any CPU
		{E8B69674-B62A-4618-BF66-08EBE6032EEA}.Release|Any CPU.ActiveCfg = Release|Any CPU
		{E8B69674-B62A-4618-BF66-08EBE6032EEA}.Release|Any CPU.Build.0 = Release|Any CPU
		{8356F821-A1E1-46F5-9D9E-9FE3E745FD35}.Debug|Any CPU.ActiveCfg = Debug|Any CPU
		{8356F821-A1E1-46F5-9D9E-9FE3E745FD35}.Debug|Any CPU.Build.0 = Debug|Any CPU
		{8356F821-A1E1-46F5-9D9E-9FE3E745FD35}.Release|Any CPU.ActiveCfg = Release|Any CPU
		{8356F821-A1E1-46F5-9D9E-9FE3E745FD35}.Release|Any CPU.Build.0 = Release|Any CPU
		{217F4B75-ECDA-4971-AF29-4C672F2B40C0}.Debug|Any CPU.ActiveCfg = Debug|Any CPU
		{217F4B75-ECDA-4971-AF29-4C672F2B40C0}.Debug|Any CPU.Build.0 = Debug|Any CPU
		{217F4B75-ECDA-4971-AF29-4C672F2B40C0}.Release|Any CPU.ActiveCfg = Release|Any CPU
		{217F4B75-ECDA-4971-AF29-4C672F2B40C0}.Release|Any CPU.Build.0 = Release|Any CPU
		{9C87F9F7-3410-41F9-88B6-81E3A58206D5}.Debug|Any CPU.ActiveCfg = Debug|Any CPU
		{9C87F9F7-3410-41F9-88B6-81E3A58206D5}.Debug|Any CPU.Build.0 = Debug|Any CPU
		{9C87F9F7-3410-41F9-88B6-81E3A58206D5}.Release|Any CPU.ActiveCfg = Release|Any CPU
		{9C87F9F7-3410-41F9-88B6-81E3A58206D5}.Release|Any CPU.Build.0 = Release|Any CPU
		{9FFB53C4-8453-4E3A-8E46-8E6DF530CF89}.Debug|Any CPU.ActiveCfg = Debug|Any CPU
		{9FFB53C4-8453-4E3A-8E46-8E6DF530CF89}.Debug|Any CPU.Build.0 = Debug|Any CPU
		{9FFB53C4-8453-4E3A-8E46-8E6DF530CF89}.Release|Any CPU.ActiveCfg = Release|Any CPU
		{9FFB53C4-8453-4E3A-8E46-8E6DF530CF89}.Release|Any CPU.Build.0 = Release|Any CPU
		{50784644-996C-423D-B129-8B12D677B2B0}.Debug|Any CPU.ActiveCfg = Debug|Any CPU
		{50784644-996C-423D-B129-8B12D677B2B0}.Debug|Any CPU.Build.0 = Debug|Any CPU
		{50784644-996C-423D-B129-8B12D677B2B0}.Release|Any CPU.ActiveCfg = Release|Any CPU
		{50784644-996C-423D-B129-8B12D677B2B0}.Release|Any CPU.Build.0 = Release|Any CPU
		{35C143F0-FC95-70EF-7F17-73081F5C9866}.Debug|Any CPU.ActiveCfg = Debug|Any CPU
		{35C143F0-FC95-70EF-7F17-73081F5C9866}.Debug|Any CPU.Build.0 = Debug|Any CPU
		{35C143F0-FC95-70EF-7F17-73081F5C9866}.Release|Any CPU.ActiveCfg = Release|Any CPU
		{35C143F0-FC95-70EF-7F17-73081F5C9866}.Release|Any CPU.Build.0 = Release|Any CPU
		{4A3006F8-9F8C-D12E-4F38-4E711664E2D4}.Debug|Any CPU.ActiveCfg = Debug|Any CPU
		{4A3006F8-9F8C-D12E-4F38-4E711664E2D4}.Debug|Any CPU.Build.0 = Debug|Any CPU
		{4A3006F8-9F8C-D12E-4F38-4E711664E2D4}.Release|Any CPU.ActiveCfg = Release|Any CPU
		{4A3006F8-9F8C-D12E-4F38-4E711664E2D4}.Release|Any CPU.Build.0 = Release|Any CPU
		{535174C3-E869-A297-AB95-E3E57039CE05}.Debug|Any CPU.ActiveCfg = Debug|Any CPU
		{535174C3-E869-A297-AB95-E3E57039CE05}.Debug|Any CPU.Build.0 = Debug|Any CPU
		{535174C3-E869-A297-AB95-E3E57039CE05}.Release|Any CPU.ActiveCfg = Release|Any CPU
		{535174C3-E869-A297-AB95-E3E57039CE05}.Release|Any CPU.Build.0 = Release|Any CPU
		{6289AD2F-A396-C8D9-8BD5-1C3A4AEEB779}.Debug|Any CPU.ActiveCfg = Debug|Any CPU
		{6289AD2F-A396-C8D9-8BD5-1C3A4AEEB779}.Debug|Any CPU.Build.0 = Debug|Any CPU
		{6289AD2F-A396-C8D9-8BD5-1C3A4AEEB779}.Release|Any CPU.ActiveCfg = Release|Any CPU
		{6289AD2F-A396-C8D9-8BD5-1C3A4AEEB779}.Release|Any CPU.Build.0 = Release|Any CPU
		{CA165317-FAC5-41C4-B981-0677710E478C}.Debug|Any CPU.ActiveCfg = Debug|Any CPU
		{CA165317-FAC5-41C4-B981-0677710E478C}.Debug|Any CPU.Build.0 = Debug|Any CPU
		{CA165317-FAC5-41C4-B981-0677710E478C}.Release|Any CPU.ActiveCfg = Release|Any CPU
		{CA165317-FAC5-41C4-B981-0677710E478C}.Release|Any CPU.Build.0 = Release|Any CPU
	EndGlobalSection
	GlobalSection(SolutionProperties) = preSolution
		HideSolutionNode = FALSE
	EndGlobalSection
	GlobalSection(ExtensibilityGlobals) = postSolution
		SolutionGuid = {9EDB6D29-952C-441B-92E4-1F0F4B5906B7}
	EndGlobalSection
EndGlobal
