
Microsoft Visual Studio Solution File, Format Version 12.00
# Visual Studio 2013
VisualStudioVersion = 12.0.31101.0
MinimumVisualStudioVersion = 10.0.40219.1
Project("{2150E333-8FDC-42A3-9474-1A3956D46DE8}") = "Solution Items", "Solution Items", "{DC5C30FC-CE10-4E22-AF55-EE9B70C83F17}"
	ProjectSection(SolutionItems) = preProject
		Backoffice.vsmdi = Backoffice.vsmdi
		Local.testsettings = Local.testsettings
		TraceAndTestImpact.testsettings = TraceAndTestImpact.testsettings
	EndProjectSection
EndProject
Project("{FAE04EC0-301F-11D3-BF4B-00C04F79EFBC}") = "Sigepro.net", "projects\UI\Sigepro.net\Sigepro.net.csproj", "{9B1E1760-23DD-4539-864C-C49A0AE2C3CF}"
EndProject
Project("{FAE04EC0-301F-11D3-BF4B-00C04F79EFBC}") = "SIGePro.Data", "projects\Backoffice\SIGePro.Data\SIGePro.Data.csproj", "{2CBE0A68-4C71-4937-945F-C16DE1C8FAB9}"
EndProject
Project("{FAE04EC0-301F-11D3-BF4B-00C04F79EFBC}") = "SIGePro.DatiDinamici.v1", "projects\Backoffice\SIGePro.DatiDinamici\SIGePro.DatiDinamici.v1.csproj", "{9D4E4587-AC9F-44BA-B4E7-492DC01EA466}"
EndProject
Project("{FAE04EC0-301F-11D3-BF4B-00C04F79EFBC}") = "SIGePro.Exceptions", "projects\Backoffice\SIGePro.Exceptions\SIGePro.Exceptions.csproj", "{EBD2D8DB-828B-4599-9742-D9C84AB289C7}"
EndProject
Project("{FAE04EC0-301F-11D3-BF4B-00C04F79EFBC}") = "SIGePro.Manager", "projects\Backoffice\SIGePro.Manager\SIGePro.Manager.csproj", "{A3AFA842-F5EE-40CC-930F-4FEB7927D4F3}"
EndProject
Project("{FAE04EC0-301F-11D3-BF4B-00C04F79EFBC}") = "SIGePro.Manager.DTO", "projects\Backoffice\SIGePro.Manager.DTO\SIGePro.Manager.DTO.csproj", "{390B0136-6D16-4058-8A63-615EB76EF8A9}"
EndProject
Project("{FAE04EC0-301F-11D3-BF4B-00C04F79EFBC}") = "SIGePro.Protocollo", "projects\Backoffice\SIGePro.Protocollo\SIGePro.Protocollo.csproj", "{42F1F8BD-76DA-4341-BC82-9C1D9F265C1E}"
EndProject
Project("{FAE04EC0-301F-11D3-BF4B-00C04F79EFBC}") = "SIGePro.SIT", "projects\Backoffice\SIGePro.SIT\SIGePro.SIT.csproj", "{FE37E348-909B-440C-8FCF-FD4102E906FF}"
EndProject
Project("{FAE04EC0-301F-11D3-BF4B-00C04F79EFBC}") = "SIGePro.Tasks", "projects\Backoffice\SIGePro.Tasks\SIGePro.Tasks.csproj", "{13B7839C-A249-4370-B982-E310717381D4}"
EndProject
Project("{FAE04EC0-301F-11D3-BF4B-00C04F79EFBC}") = "SIGePro.WebControls", "projects\Backoffice\SIGePro.WebControls\SIGePro.WebControls.csproj", "{0018927B-E77C-42CF-A39A-2A164FDAA356}"
EndProject
Project("{FAE04EC0-301F-11D3-BF4B-00C04F79EFBC}") = "SIGePro.SIT.Tests", "projects\Backoffice\SIGePro.SIT.Tests\SIGePro.SIT.Tests.csproj", "{0E737FDE-E3BF-4D8F-A225-EA328D7D588B}"
EndProject
Project("{FAE04EC0-301F-11D3-BF4B-00C04F79EFBC}") = "SIGePro.DatiDinamici.v1.Tests", "projects\Tests\SIGePro.DatiDinamici.v1.Tests\SIGePro.DatiDinamici.v1.Tests.csproj", "{C7BC621A-0971-43A5-9D0B-41079BD11435}"
EndProject
Project("{FAE04EC0-301F-11D3-BF4B-00C04F79EFBC}") = "SIGePro.Manager.Tests", "projects\Backoffice\SIGePro.Manager.Tests\SIGePro.Manager.Tests.csproj", "{CF603CC1-3556-4125-9916-7B20068B9060}"
EndProject
Global
	GlobalSection(SubversionScc) = preSolution
		Svn-Managed = True
		Manager = AnkhSVN - Subversion Support for Visual Studio
	EndGlobalSection
	GlobalSection(SolutionConfigurationPlatforms) = preSolution
		Allinea oggetti protocollo - DBG|Any CPU = Allinea oggetti protocollo - DBG|Any CPU
		Allinea oggetti protocollo - DBG|Mixed Platforms = Allinea oggetti protocollo - DBG|Mixed Platforms
		Allinea oggetti protocollo - DBG|x86 = Allinea oggetti protocollo - DBG|x86
		Debug|Any CPU = Debug|Any CPU
		Debug|Mixed Platforms = Debug|Mixed Platforms
		Debug|x86 = Debug|x86
		Release|Any CPU = Release|Any CPU
		Release|Mixed Platforms = Release|Mixed Platforms
		Release|x86 = Release|x86
	EndGlobalSection
	GlobalSection(ProjectConfigurationPlatforms) = postSolution
		{9B1E1760-23DD-4539-864C-C49A0AE2C3CF}.Allinea oggetti protocollo - DBG|Any CPU.ActiveCfg = Allinea oggetti protocollo - DBG|Any CPU
		{9B1E1760-23DD-4539-864C-C49A0AE2C3CF}.Allinea oggetti protocollo - DBG|Any CPU.Build.0 = Allinea oggetti protocollo - DBG|Any CPU
		{9B1E1760-23DD-4539-864C-C49A0AE2C3CF}.Allinea oggetti protocollo - DBG|Mixed Platforms.ActiveCfg = Allinea oggetti protocollo - DBG|Any CPU
		{9B1E1760-23DD-4539-864C-C49A0AE2C3CF}.Allinea oggetti protocollo - DBG|Mixed Platforms.Build.0 = Allinea oggetti protocollo - DBG|Any CPU
		{9B1E1760-23DD-4539-864C-C49A0AE2C3CF}.Allinea oggetti protocollo - DBG|x86.ActiveCfg = Allinea oggetti protocollo - DBG|Any CPU
		{9B1E1760-23DD-4539-864C-C49A0AE2C3CF}.Debug|Any CPU.ActiveCfg = Debug|Any CPU
		{9B1E1760-23DD-4539-864C-C49A0AE2C3CF}.Debug|Any CPU.Build.0 = Debug|Any CPU
		{9B1E1760-23DD-4539-864C-C49A0AE2C3CF}.Debug|Mixed Platforms.ActiveCfg = Debug|Any CPU
		{9B1E1760-23DD-4539-864C-C49A0AE2C3CF}.Debug|Mixed Platforms.Build.0 = Debug|Any CPU
		{9B1E1760-23DD-4539-864C-C49A0AE2C3CF}.Debug|x86.ActiveCfg = Debug|Any CPU
		{9B1E1760-23DD-4539-864C-C49A0AE2C3CF}.Release|Any CPU.ActiveCfg = Release|Any CPU
		{9B1E1760-23DD-4539-864C-C49A0AE2C3CF}.Release|Any CPU.Build.0 = Release|Any CPU
		{9B1E1760-23DD-4539-864C-C49A0AE2C3CF}.Release|Mixed Platforms.ActiveCfg = Release|Any CPU
		{9B1E1760-23DD-4539-864C-C49A0AE2C3CF}.Release|Mixed Platforms.Build.0 = Release|Any CPU
		{9B1E1760-23DD-4539-864C-C49A0AE2C3CF}.Release|x86.ActiveCfg = Release|Any CPU
		{2CBE0A68-4C71-4937-945F-C16DE1C8FAB9}.Allinea oggetti protocollo - DBG|Any CPU.ActiveCfg = Allinea oggetti protocollo - DBG|Any CPU
		{2CBE0A68-4C71-4937-945F-C16DE1C8FAB9}.Allinea oggetti protocollo - DBG|Any CPU.Build.0 = Allinea oggetti protocollo - DBG|Any CPU
		{2CBE0A68-4C71-4937-945F-C16DE1C8FAB9}.Allinea oggetti protocollo - DBG|Mixed Platforms.ActiveCfg = Allinea oggetti protocollo - DBG|Any CPU
		{2CBE0A68-4C71-4937-945F-C16DE1C8FAB9}.Allinea oggetti protocollo - DBG|Mixed Platforms.Build.0 = Allinea oggetti protocollo - DBG|Any CPU
		{2CBE0A68-4C71-4937-945F-C16DE1C8FAB9}.Allinea oggetti protocollo - DBG|x86.ActiveCfg = Allinea oggetti protocollo - DBG|Any CPU
		{2CBE0A68-4C71-4937-945F-C16DE1C8FAB9}.Debug|Any CPU.ActiveCfg = Debug|Any CPU
		{2CBE0A68-4C71-4937-945F-C16DE1C8FAB9}.Debug|Any CPU.Build.0 = Debug|Any CPU
		{2CBE0A68-4C71-4937-945F-C16DE1C8FAB9}.Debug|Mixed Platforms.ActiveCfg = Debug|Any CPU
		{2CBE0A68-4C71-4937-945F-C16DE1C8FAB9}.Debug|Mixed Platforms.Build.0 = Debug|Any CPU
		{2CBE0A68-4C71-4937-945F-C16DE1C8FAB9}.Debug|x86.ActiveCfg = Debug|Any CPU
		{2CBE0A68-4C71-4937-945F-C16DE1C8FAB9}.Release|Any CPU.ActiveCfg = Release|Any CPU
		{2CBE0A68-4C71-4937-945F-C16DE1C8FAB9}.Release|Any CPU.Build.0 = Release|Any CPU
		{2CBE0A68-4C71-4937-945F-C16DE1C8FAB9}.Release|Mixed Platforms.ActiveCfg = Release|Any CPU
		{2CBE0A68-4C71-4937-945F-C16DE1C8FAB9}.Release|Mixed Platforms.Build.0 = Release|Any CPU
		{2CBE0A68-4C71-4937-945F-C16DE1C8FAB9}.Release|x86.ActiveCfg = Release|Any CPU
		{9D4E4587-AC9F-44BA-B4E7-492DC01EA466}.Allinea oggetti protocollo - DBG|Any CPU.ActiveCfg = Allinea oggetti protocollo - DBG|Any CPU
		{9D4E4587-AC9F-44BA-B4E7-492DC01EA466}.Allinea oggetti protocollo - DBG|Any CPU.Build.0 = Allinea oggetti protocollo - DBG|Any CPU
		{9D4E4587-AC9F-44BA-B4E7-492DC01EA466}.Allinea oggetti protocollo - DBG|Mixed Platforms.ActiveCfg = Allinea oggetti protocollo - DBG|Any CPU
		{9D4E4587-AC9F-44BA-B4E7-492DC01EA466}.Allinea oggetti protocollo - DBG|Mixed Platforms.Build.0 = Allinea oggetti protocollo - DBG|Any CPU
		{9D4E4587-AC9F-44BA-B4E7-492DC01EA466}.Allinea oggetti protocollo - DBG|x86.ActiveCfg = Allinea oggetti protocollo - DBG|Any CPU
		{9D4E4587-AC9F-44BA-B4E7-492DC01EA466}.Debug|Any CPU.ActiveCfg = Debug|Any CPU
		{9D4E4587-AC9F-44BA-B4E7-492DC01EA466}.Debug|Any CPU.Build.0 = Debug|Any CPU
		{9D4E4587-AC9F-44BA-B4E7-492DC01EA466}.Debug|Mixed Platforms.ActiveCfg = Debug|Any CPU
		{9D4E4587-AC9F-44BA-B4E7-492DC01EA466}.Debug|Mixed Platforms.Build.0 = Debug|Any CPU
		{9D4E4587-AC9F-44BA-B4E7-492DC01EA466}.Debug|x86.ActiveCfg = Debug|Any CPU
		{9D4E4587-AC9F-44BA-B4E7-492DC01EA466}.Release|Any CPU.ActiveCfg = Release|Any CPU
		{9D4E4587-AC9F-44BA-B4E7-492DC01EA466}.Release|Any CPU.Build.0 = Release|Any CPU
		{9D4E4587-AC9F-44BA-B4E7-492DC01EA466}.Release|Mixed Platforms.ActiveCfg = Release|Any CPU
		{9D4E4587-AC9F-44BA-B4E7-492DC01EA466}.Release|Mixed Platforms.Build.0 = Release|Any CPU
		{9D4E4587-AC9F-44BA-B4E7-492DC01EA466}.Release|x86.ActiveCfg = Release|Any CPU
		{EBD2D8DB-828B-4599-9742-D9C84AB289C7}.Allinea oggetti protocollo - DBG|Any CPU.ActiveCfg = Allinea oggetti protocollo - DBG|Any CPU
		{EBD2D8DB-828B-4599-9742-D9C84AB289C7}.Allinea oggetti protocollo - DBG|Any CPU.Build.0 = Allinea oggetti protocollo - DBG|Any CPU
		{EBD2D8DB-828B-4599-9742-D9C84AB289C7}.Allinea oggetti protocollo - DBG|Mixed Platforms.ActiveCfg = Allinea oggetti protocollo - DBG|Any CPU
		{EBD2D8DB-828B-4599-9742-D9C84AB289C7}.Allinea oggetti protocollo - DBG|Mixed Platforms.Build.0 = Allinea oggetti protocollo - DBG|Any CPU
		{EBD2D8DB-828B-4599-9742-D9C84AB289C7}.Allinea oggetti protocollo - DBG|x86.ActiveCfg = Allinea oggetti protocollo - DBG|Any CPU
		{EBD2D8DB-828B-4599-9742-D9C84AB289C7}.Debug|Any CPU.ActiveCfg = Debug|Any CPU
		{EBD2D8DB-828B-4599-9742-D9C84AB289C7}.Debug|Any CPU.Build.0 = Debug|Any CPU
		{EBD2D8DB-828B-4599-9742-D9C84AB289C7}.Debug|Mixed Platforms.ActiveCfg = Debug|Any CPU
		{EBD2D8DB-828B-4599-9742-D9C84AB289C7}.Debug|Mixed Platforms.Build.0 = Debug|Any CPU
		{EBD2D8DB-828B-4599-9742-D9C84AB289C7}.Debug|x86.ActiveCfg = Debug|Any CPU
		{EBD2D8DB-828B-4599-9742-D9C84AB289C7}.Release|Any CPU.ActiveCfg = Release|Any CPU
		{EBD2D8DB-828B-4599-9742-D9C84AB289C7}.Release|Any CPU.Build.0 = Release|Any CPU
		{EBD2D8DB-828B-4599-9742-D9C84AB289C7}.Release|Mixed Platforms.ActiveCfg = Release|Any CPU
		{EBD2D8DB-828B-4599-9742-D9C84AB289C7}.Release|Mixed Platforms.Build.0 = Release|Any CPU
		{EBD2D8DB-828B-4599-9742-D9C84AB289C7}.Release|x86.ActiveCfg = Release|Any CPU
		{A3AFA842-F5EE-40CC-930F-4FEB7927D4F3}.Allinea oggetti protocollo - DBG|Any CPU.ActiveCfg = Allinea oggetti protocollo - DBG|Any CPU
		{A3AFA842-F5EE-40CC-930F-4FEB7927D4F3}.Allinea oggetti protocollo - DBG|Any CPU.Build.0 = Allinea oggetti protocollo - DBG|Any CPU
		{A3AFA842-F5EE-40CC-930F-4FEB7927D4F3}.Allinea oggetti protocollo - DBG|Mixed Platforms.ActiveCfg = Allinea oggetti protocollo - DBG|Any CPU
		{A3AFA842-F5EE-40CC-930F-4FEB7927D4F3}.Allinea oggetti protocollo - DBG|Mixed Platforms.Build.0 = Allinea oggetti protocollo - DBG|Any CPU
		{A3AFA842-F5EE-40CC-930F-4FEB7927D4F3}.Allinea oggetti protocollo - DBG|x86.ActiveCfg = Allinea oggetti protocollo - DBG|Any CPU
		{A3AFA842-F5EE-40CC-930F-4FEB7927D4F3}.Debug|Any CPU.ActiveCfg = Debug|Any CPU
		{A3AFA842-F5EE-40CC-930F-4FEB7927D4F3}.Debug|Any CPU.Build.0 = Debug|Any CPU
		{A3AFA842-F5EE-40CC-930F-4FEB7927D4F3}.Debug|Mixed Platforms.ActiveCfg = Debug|Any CPU
		{A3AFA842-F5EE-40CC-930F-4FEB7927D4F3}.Debug|Mixed Platforms.Build.0 = Debug|Any CPU
		{A3AFA842-F5EE-40CC-930F-4FEB7927D4F3}.Debug|x86.ActiveCfg = Debug|Any CPU
		{A3AFA842-F5EE-40CC-930F-4FEB7927D4F3}.Release|Any CPU.ActiveCfg = Release|Any CPU
		{A3AFA842-F5EE-40CC-930F-4FEB7927D4F3}.Release|Any CPU.Build.0 = Release|Any CPU
		{A3AFA842-F5EE-40CC-930F-4FEB7927D4F3}.Release|Mixed Platforms.ActiveCfg = Release|Any CPU
		{A3AFA842-F5EE-40CC-930F-4FEB7927D4F3}.Release|Mixed Platforms.Build.0 = Release|Any CPU
		{A3AFA842-F5EE-40CC-930F-4FEB7927D4F3}.Release|x86.ActiveCfg = Release|Any CPU
		{390B0136-6D16-4058-8A63-615EB76EF8A9}.Allinea oggetti protocollo - DBG|Any CPU.ActiveCfg = Allinea oggetti protocollo - DBG|Any CPU
		{390B0136-6D16-4058-8A63-615EB76EF8A9}.Allinea oggetti protocollo - DBG|Any CPU.Build.0 = Allinea oggetti protocollo - DBG|Any CPU
		{390B0136-6D16-4058-8A63-615EB76EF8A9}.Allinea oggetti protocollo - DBG|Mixed Platforms.ActiveCfg = Allinea oggetti protocollo - DBG|Any CPU
		{390B0136-6D16-4058-8A63-615EB76EF8A9}.Allinea oggetti protocollo - DBG|Mixed Platforms.Build.0 = Allinea oggetti protocollo - DBG|Any CPU
		{390B0136-6D16-4058-8A63-615EB76EF8A9}.Allinea oggetti protocollo - DBG|x86.ActiveCfg = Allinea oggetti protocollo - DBG|Any CPU
		{390B0136-6D16-4058-8A63-615EB76EF8A9}.Debug|Any CPU.ActiveCfg = Debug|Any CPU
		{390B0136-6D16-4058-8A63-615EB76EF8A9}.Debug|Any CPU.Build.0 = Debug|Any CPU
		{390B0136-6D16-4058-8A63-615EB76EF8A9}.Debug|Mixed Platforms.ActiveCfg = Debug|Any CPU
		{390B0136-6D16-4058-8A63-615EB76EF8A9}.Debug|Mixed Platforms.Build.0 = Debug|Any CPU
		{390B0136-6D16-4058-8A63-615EB76EF8A9}.Debug|x86.ActiveCfg = Debug|Any CPU
		{390B0136-6D16-4058-8A63-615EB76EF8A9}.Release|Any CPU.ActiveCfg = Release|Any CPU
		{390B0136-6D16-4058-8A63-615EB76EF8A9}.Release|Any CPU.Build.0 = Release|Any CPU
		{390B0136-6D16-4058-8A63-615EB76EF8A9}.Release|Mixed Platforms.ActiveCfg = Release|Any CPU
		{390B0136-6D16-4058-8A63-615EB76EF8A9}.Release|Mixed Platforms.Build.0 = Release|Any CPU
		{390B0136-6D16-4058-8A63-615EB76EF8A9}.Release|x86.ActiveCfg = Release|Any CPU
		{42F1F8BD-76DA-4341-BC82-9C1D9F265C1E}.Allinea oggetti protocollo - DBG|Any CPU.ActiveCfg = Allinea oggetti protocollo - DBG|Any CPU
		{42F1F8BD-76DA-4341-BC82-9C1D9F265C1E}.Allinea oggetti protocollo - DBG|Any CPU.Build.0 = Allinea oggetti protocollo - DBG|Any CPU
		{42F1F8BD-76DA-4341-BC82-9C1D9F265C1E}.Allinea oggetti protocollo - DBG|Mixed Platforms.ActiveCfg = Allinea oggetti protocollo - DBG|Any CPU
		{42F1F8BD-76DA-4341-BC82-9C1D9F265C1E}.Allinea oggetti protocollo - DBG|Mixed Platforms.Build.0 = Allinea oggetti protocollo - DBG|Any CPU
		{42F1F8BD-76DA-4341-BC82-9C1D9F265C1E}.Allinea oggetti protocollo - DBG|x86.ActiveCfg = Allinea oggetti protocollo - DBG|Any CPU
		{42F1F8BD-76DA-4341-BC82-9C1D9F265C1E}.Debug|Any CPU.ActiveCfg = Debug|Any CPU
		{42F1F8BD-76DA-4341-BC82-9C1D9F265C1E}.Debug|Any CPU.Build.0 = Debug|Any CPU
		{42F1F8BD-76DA-4341-BC82-9C1D9F265C1E}.Debug|Mixed Platforms.ActiveCfg = Debug|Any CPU
		{42F1F8BD-76DA-4341-BC82-9C1D9F265C1E}.Debug|Mixed Platforms.Build.0 = Debug|Any CPU
		{42F1F8BD-76DA-4341-BC82-9C1D9F265C1E}.Debug|x86.ActiveCfg = Debug|Any CPU
		{42F1F8BD-76DA-4341-BC82-9C1D9F265C1E}.Release|Any CPU.ActiveCfg = Release|Any CPU
		{42F1F8BD-76DA-4341-BC82-9C1D9F265C1E}.Release|Any CPU.Build.0 = Release|Any CPU
		{42F1F8BD-76DA-4341-BC82-9C1D9F265C1E}.Release|Mixed Platforms.ActiveCfg = Release|Any CPU
		{42F1F8BD-76DA-4341-BC82-9C1D9F265C1E}.Release|Mixed Platforms.Build.0 = Release|Any CPU
		{42F1F8BD-76DA-4341-BC82-9C1D9F265C1E}.Release|x86.ActiveCfg = Release|Any CPU
		{FE37E348-909B-440C-8FCF-FD4102E906FF}.Allinea oggetti protocollo - DBG|Any CPU.ActiveCfg = Allinea oggetti protocollo - DBG|Any CPU
		{FE37E348-909B-440C-8FCF-FD4102E906FF}.Allinea oggetti protocollo - DBG|Any CPU.Build.0 = Allinea oggetti protocollo - DBG|Any CPU
		{FE37E348-909B-440C-8FCF-FD4102E906FF}.Allinea oggetti protocollo - DBG|Mixed Platforms.ActiveCfg = Allinea oggetti protocollo - DBG|Any CPU
		{FE37E348-909B-440C-8FCF-FD4102E906FF}.Allinea oggetti protocollo - DBG|Mixed Platforms.Build.0 = Allinea oggetti protocollo - DBG|Any CPU
		{FE37E348-909B-440C-8FCF-FD4102E906FF}.Allinea oggetti protocollo - DBG|x86.ActiveCfg = Allinea oggetti protocollo - DBG|Any CPU
		{FE37E348-909B-440C-8FCF-FD4102E906FF}.Debug|Any CPU.ActiveCfg = Debug|Any CPU
		{FE37E348-909B-440C-8FCF-FD4102E906FF}.Debug|Any CPU.Build.0 = Debug|Any CPU
		{FE37E348-909B-440C-8FCF-FD4102E906FF}.Debug|Mixed Platforms.ActiveCfg = Debug|Any CPU
		{FE37E348-909B-440C-8FCF-FD4102E906FF}.Debug|Mixed Platforms.Build.0 = Debug|Any CPU
		{FE37E348-909B-440C-8FCF-FD4102E906FF}.Debug|x86.ActiveCfg = Debug|Any CPU
		{FE37E348-909B-440C-8FCF-FD4102E906FF}.Release|Any CPU.ActiveCfg = Release|Any CPU
		{FE37E348-909B-440C-8FCF-FD4102E906FF}.Release|Any CPU.Build.0 = Release|Any CPU
		{FE37E348-909B-440C-8FCF-FD4102E906FF}.Release|Mixed Platforms.ActiveCfg = Release|Any CPU
		{FE37E348-909B-440C-8FCF-FD4102E906FF}.Release|Mixed Platforms.Build.0 = Release|Any CPU
		{FE37E348-909B-440C-8FCF-FD4102E906FF}.Release|x86.ActiveCfg = Release|Any CPU
		{13B7839C-A249-4370-B982-E310717381D4}.Allinea oggetti protocollo - DBG|Any CPU.ActiveCfg = Allinea oggetti protocollo - DBG|Any CPU
		{13B7839C-A249-4370-B982-E310717381D4}.Allinea oggetti protocollo - DBG|Any CPU.Build.0 = Allinea oggetti protocollo - DBG|Any CPU
		{13B7839C-A249-4370-B982-E310717381D4}.Allinea oggetti protocollo - DBG|Mixed Platforms.ActiveCfg = Allinea oggetti protocollo - DBG|Any CPU
		{13B7839C-A249-4370-B982-E310717381D4}.Allinea oggetti protocollo - DBG|Mixed Platforms.Build.0 = Allinea oggetti protocollo - DBG|Any CPU
		{13B7839C-A249-4370-B982-E310717381D4}.Allinea oggetti protocollo - DBG|x86.ActiveCfg = Allinea oggetti protocollo - DBG|Any CPU
		{13B7839C-A249-4370-B982-E310717381D4}.Debug|Any CPU.ActiveCfg = Debug|Any CPU
		{13B7839C-A249-4370-B982-E310717381D4}.Debug|Any CPU.Build.0 = Debug|Any CPU
		{13B7839C-A249-4370-B982-E310717381D4}.Debug|Mixed Platforms.ActiveCfg = Debug|Any CPU
		{13B7839C-A249-4370-B982-E310717381D4}.Debug|Mixed Platforms.Build.0 = Debug|Any CPU
		{13B7839C-A249-4370-B982-E310717381D4}.Debug|x86.ActiveCfg = Debug|Any CPU
		{13B7839C-A249-4370-B982-E310717381D4}.Release|Any CPU.ActiveCfg = Release|Any CPU
		{13B7839C-A249-4370-B982-E310717381D4}.Release|Any CPU.Build.0 = Release|Any CPU
		{13B7839C-A249-4370-B982-E310717381D4}.Release|Mixed Platforms.ActiveCfg = Release|Any CPU
		{13B7839C-A249-4370-B982-E310717381D4}.Release|Mixed Platforms.Build.0 = Release|Any CPU
		{13B7839C-A249-4370-B982-E310717381D4}.Release|x86.ActiveCfg = Release|Any CPU
		{0018927B-E77C-42CF-A39A-2A164FDAA356}.Allinea oggetti protocollo - DBG|Any CPU.ActiveCfg = Allinea oggetti protocollo - DBG|Any CPU
		{0018927B-E77C-42CF-A39A-2A164FDAA356}.Allinea oggetti protocollo - DBG|Any CPU.Build.0 = Allinea oggetti protocollo - DBG|Any CPU
		{0018927B-E77C-42CF-A39A-2A164FDAA356}.Allinea oggetti protocollo - DBG|Mixed Platforms.ActiveCfg = Allinea oggetti protocollo - DBG|Any CPU
		{0018927B-E77C-42CF-A39A-2A164FDAA356}.Allinea oggetti protocollo - DBG|Mixed Platforms.Build.0 = Allinea oggetti protocollo - DBG|Any CPU
		{0018927B-E77C-42CF-A39A-2A164FDAA356}.Allinea oggetti protocollo - DBG|x86.ActiveCfg = Allinea oggetti protocollo - DBG|Any CPU
		{0018927B-E77C-42CF-A39A-2A164FDAA356}.Debug|Any CPU.ActiveCfg = Debug|Any CPU
		{0018927B-E77C-42CF-A39A-2A164FDAA356}.Debug|Any CPU.Build.0 = Debug|Any CPU
		{0018927B-E77C-42CF-A39A-2A164FDAA356}.Debug|Mixed Platforms.ActiveCfg = Debug|Any CPU
		{0018927B-E77C-42CF-A39A-2A164FDAA356}.Debug|Mixed Platforms.Build.0 = Debug|Any CPU
		{0018927B-E77C-42CF-A39A-2A164FDAA356}.Debug|x86.ActiveCfg = Debug|Any CPU
		{0018927B-E77C-42CF-A39A-2A164FDAA356}.Release|Any CPU.ActiveCfg = Release|Any CPU
		{0018927B-E77C-42CF-A39A-2A164FDAA356}.Release|Any CPU.Build.0 = Release|Any CPU
		{0018927B-E77C-42CF-A39A-2A164FDAA356}.Release|Mixed Platforms.ActiveCfg = Release|Any CPU
		{0018927B-E77C-42CF-A39A-2A164FDAA356}.Release|Mixed Platforms.Build.0 = Release|Any CPU
		{0018927B-E77C-42CF-A39A-2A164FDAA356}.Release|x86.ActiveCfg = Release|Any CPU
		{0E737FDE-E3BF-4D8F-A225-EA328D7D588B}.Allinea oggetti protocollo - DBG|Any CPU.ActiveCfg = Release|Any CPU
		{0E737FDE-E3BF-4D8F-A225-EA328D7D588B}.Allinea oggetti protocollo - DBG|Any CPU.Build.0 = Release|Any CPU
		{0E737FDE-E3BF-4D8F-A225-EA328D7D588B}.Allinea oggetti protocollo - DBG|Mixed Platforms.ActiveCfg = Release|Any CPU
		{0E737FDE-E3BF-4D8F-A225-EA328D7D588B}.Allinea oggetti protocollo - DBG|Mixed Platforms.Build.0 = Release|Any CPU
		{0E737FDE-E3BF-4D8F-A225-EA328D7D588B}.Allinea oggetti protocollo - DBG|x86.ActiveCfg = Release|Any CPU
		{0E737FDE-E3BF-4D8F-A225-EA328D7D588B}.Debug|Any CPU.ActiveCfg = Debug|Any CPU
		{0E737FDE-E3BF-4D8F-A225-EA328D7D588B}.Debug|Any CPU.Build.0 = Debug|Any CPU
		{0E737FDE-E3BF-4D8F-A225-EA328D7D588B}.Debug|Mixed Platforms.ActiveCfg = Debug|Any CPU
		{0E737FDE-E3BF-4D8F-A225-EA328D7D588B}.Debug|Mixed Platforms.Build.0 = Debug|Any CPU
		{0E737FDE-E3BF-4D8F-A225-EA328D7D588B}.Debug|x86.ActiveCfg = Debug|Any CPU
		{0E737FDE-E3BF-4D8F-A225-EA328D7D588B}.Release|Any CPU.ActiveCfg = Release|Any CPU
		{0E737FDE-E3BF-4D8F-A225-EA328D7D588B}.Release|Any CPU.Build.0 = Release|Any CPU
		{0E737FDE-E3BF-4D8F-A225-EA328D7D588B}.Release|Mixed Platforms.ActiveCfg = Release|Any CPU
		{0E737FDE-E3BF-4D8F-A225-EA328D7D588B}.Release|Mixed Platforms.Build.0 = Release|Any CPU
		{0E737FDE-E3BF-4D8F-A225-EA328D7D588B}.Release|x86.ActiveCfg = Release|Any CPU
		{C7BC621A-0971-43A5-9D0B-41079BD11435}.Allinea oggetti protocollo - DBG|Any CPU.ActiveCfg = Release|Any CPU
		{C7BC621A-0971-43A5-9D0B-41079BD11435}.Allinea oggetti protocollo - DBG|Any CPU.Build.0 = Release|Any CPU
		{C7BC621A-0971-43A5-9D0B-41079BD11435}.Allinea oggetti protocollo - DBG|Mixed Platforms.ActiveCfg = Release|Any CPU
		{C7BC621A-0971-43A5-9D0B-41079BD11435}.Allinea oggetti protocollo - DBG|Mixed Platforms.Build.0 = Release|Any CPU
		{C7BC621A-0971-43A5-9D0B-41079BD11435}.Allinea oggetti protocollo - DBG|x86.ActiveCfg = Release|Any CPU
		{C7BC621A-0971-43A5-9D0B-41079BD11435}.Debug|Any CPU.ActiveCfg = Debug|Any CPU
		{C7BC621A-0971-43A5-9D0B-41079BD11435}.Debug|Any CPU.Build.0 = Debug|Any CPU
		{C7BC621A-0971-43A5-9D0B-41079BD11435}.Debug|Mixed Platforms.ActiveCfg = Debug|Any CPU
		{C7BC621A-0971-43A5-9D0B-41079BD11435}.Debug|Mixed Platforms.Build.0 = Debug|Any CPU
		{C7BC621A-0971-43A5-9D0B-41079BD11435}.Debug|x86.ActiveCfg = Debug|Any CPU
		{C7BC621A-0971-43A5-9D0B-41079BD11435}.Release|Any CPU.ActiveCfg = Release|Any CPU
		{C7BC621A-0971-43A5-9D0B-41079BD11435}.Release|Any CPU.Build.0 = Release|Any CPU
		{C7BC621A-0971-43A5-9D0B-41079BD11435}.Release|Mixed Platforms.ActiveCfg = Release|Any CPU
		{C7BC621A-0971-43A5-9D0B-41079BD11435}.Release|Mixed Platforms.Build.0 = Release|Any CPU
		{C7BC621A-0971-43A5-9D0B-41079BD11435}.Release|x86.ActiveCfg = Release|Any CPU
		{CF603CC1-3556-4125-9916-7B20068B9060}.Allinea oggetti protocollo - DBG|Any CPU.ActiveCfg = Release|Any CPU
		{CF603CC1-3556-4125-9916-7B20068B9060}.Allinea oggetti protocollo - DBG|Any CPU.Build.0 = Release|Any CPU
		{CF603CC1-3556-4125-9916-7B20068B9060}.Allinea oggetti protocollo - DBG|Mixed Platforms.ActiveCfg = Release|Any CPU
		{CF603CC1-3556-4125-9916-7B20068B9060}.Allinea oggetti protocollo - DBG|Mixed Platforms.Build.0 = Release|Any CPU
		{CF603CC1-3556-4125-9916-7B20068B9060}.Allinea oggetti protocollo - DBG|x86.ActiveCfg = Release|Any CPU
		{CF603CC1-3556-4125-9916-7B20068B9060}.Debug|Any CPU.ActiveCfg = Debug|Any CPU
		{CF603CC1-3556-4125-9916-7B20068B9060}.Debug|Any CPU.Build.0 = Debug|Any CPU
		{CF603CC1-3556-4125-9916-7B20068B9060}.Debug|Mixed Platforms.ActiveCfg = Debug|Any CPU
		{CF603CC1-3556-4125-9916-7B20068B9060}.Debug|Mixed Platforms.Build.0 = Debug|Any CPU
		{CF603CC1-3556-4125-9916-7B20068B9060}.Debug|x86.ActiveCfg = Debug|Any CPU
		{CF603CC1-3556-4125-9916-7B20068B9060}.Release|Any CPU.ActiveCfg = Release|Any CPU
		{CF603CC1-3556-4125-9916-7B20068B9060}.Release|Any CPU.Build.0 = Release|Any CPU
		{CF603CC1-3556-4125-9916-7B20068B9060}.Release|Mixed Platforms.ActiveCfg = Release|Any CPU
		{CF603CC1-3556-4125-9916-7B20068B9060}.Release|Mixed Platforms.Build.0 = Release|Any CPU
		{CF603CC1-3556-4125-9916-7B20068B9060}.Release|x86.ActiveCfg = Release|Any CPU
	EndGlobalSection
	GlobalSection(SolutionProperties) = preSolution
		HideSolutionNode = FALSE
	EndGlobalSection
	GlobalSection(TestCaseManagementSettings) = postSolution
		CategoryFile = Backoffice.vsmdi
	EndGlobalSection
EndGlobal
