
Microsoft Visual Studio Solution File, Format Version 11.00
# Visual Studio 2010
Project("{FAE04EC0-301F-11D3-BF4B-00C04F79EFBC}") = "ProtocolloSigeproNLA", "projects\ProtocolloSigeproNLA\ProtocolloSigeproNLA.csproj", "{D73FE622-1828-40E1-BD57-61C3A7D872F5}"
EndProject
Project("{FAE04EC0-301F-11D3-BF4B-00C04F79EFBC}") = "SIGePro.Data", "projects\Backoffice\SIGePro.Data\SIGePro.Data.csproj", "{2CBE0A68-4C71-4937-945F-C16DE1C8FAB9}"
EndProject
Project("{FAE04EC0-301F-11D3-BF4B-00C04F79EFBC}") = "SIGePro.Manager", "projects\Backoffice\SIGePro.Manager\SIGePro.Manager.csproj", "{A3AFA842-F5EE-40CC-930F-4FEB7927D4F3}"
EndProject
Project("{FAE04EC0-301F-11D3-BF4B-00C04F79EFBC}") = "SIGePro.Verticalizzazioni", "projects\Backoffice\SIGePro.Verticalizzazioni\SIGePro.Verticalizzazioni.csproj", "{69241A21-BCA2-49BB-8ED7-86386E11348D}"
EndProject
Project("{FAE04EC0-301F-11D3-BF4B-00C04F79EFBC}") = "SIGePro.Manager.DTO", "projects\Backoffice\SIGePro.Manager.DTO\SIGePro.Manager.DTO.csproj", "{390B0136-6D16-4058-8A63-615EB76EF8A9}"
EndProject
Project("{FAE04EC0-301F-11D3-BF4B-00C04F79EFBC}") = "SIGePro.Exceptions", "projects\Backoffice\SIGePro.Exceptions\SIGePro.Exceptions.csproj", "{EBD2D8DB-828B-4599-9742-D9C84AB289C7}"
EndProject
Project("{FAE04EC0-301F-11D3-BF4B-00C04F79EFBC}") = "SIGePro.DatiDinamici.v1", "projects\Backoffice\SIGePro.DatiDinamici\SIGePro.DatiDinamici.v1.csproj", "{9D4E4587-AC9F-44BA-B4E7-492DC01EA466}"
EndProject
Project("{FAE04EC0-301F-11D3-BF4B-00C04F79EFBC}") = "SIGePro.Protocollo", "projects\Backoffice\SIGePro.Protocollo\SIGePro.Protocollo.csproj", "{42F1F8BD-76DA-4341-BC82-9C1D9F265C1E}"
EndProject
Global
	GlobalSection(SolutionConfigurationPlatforms) = preSolution
		Allinea oggetti protocollo - DBG|Any CPU = Allinea oggetti protocollo - DBG|Any CPU
		Debug|Any CPU = Debug|Any CPU
		Release|Any CPU = Release|Any CPU
	EndGlobalSection
	GlobalSection(ProjectConfigurationPlatforms) = postSolution
		{D73FE622-1828-40E1-BD57-61C3A7D872F5}.Allinea oggetti protocollo - DBG|Any CPU.ActiveCfg = Release|Any CPU
		{D73FE622-1828-40E1-BD57-61C3A7D872F5}.Allinea oggetti protocollo - DBG|Any CPU.Build.0 = Release|Any CPU
		{D73FE622-1828-40E1-BD57-61C3A7D872F5}.Debug|Any CPU.ActiveCfg = Debug|Any CPU
		{D73FE622-1828-40E1-BD57-61C3A7D872F5}.Debug|Any CPU.Build.0 = Debug|Any CPU
		{D73FE622-1828-40E1-BD57-61C3A7D872F5}.Release|Any CPU.ActiveCfg = Release|Any CPU
		{D73FE622-1828-40E1-BD57-61C3A7D872F5}.Release|Any CPU.Build.0 = Release|Any CPU
		{2CBE0A68-4C71-4937-945F-C16DE1C8FAB9}.Allinea oggetti protocollo - DBG|Any CPU.ActiveCfg = Allinea oggetti protocollo - DBG|Any CPU
		{2CBE0A68-4C71-4937-945F-C16DE1C8FAB9}.Allinea oggetti protocollo - DBG|Any CPU.Build.0 = Allinea oggetti protocollo - DBG|Any CPU
		{2CBE0A68-4C71-4937-945F-C16DE1C8FAB9}.Debug|Any CPU.ActiveCfg = Debug|Any CPU
		{2CBE0A68-4C71-4937-945F-C16DE1C8FAB9}.Debug|Any CPU.Build.0 = Debug|Any CPU
		{2CBE0A68-4C71-4937-945F-C16DE1C8FAB9}.Release|Any CPU.ActiveCfg = Release|Any CPU
		{2CBE0A68-4C71-4937-945F-C16DE1C8FAB9}.Release|Any CPU.Build.0 = Release|Any CPU
		{A3AFA842-F5EE-40CC-930F-4FEB7927D4F3}.Allinea oggetti protocollo - DBG|Any CPU.ActiveCfg = Allinea oggetti protocollo - DBG|Any CPU
		{A3AFA842-F5EE-40CC-930F-4FEB7927D4F3}.Allinea oggetti protocollo - DBG|Any CPU.Build.0 = Allinea oggetti protocollo - DBG|Any CPU
		{A3AFA842-F5EE-40CC-930F-4FEB7927D4F3}.Debug|Any CPU.ActiveCfg = Debug|Any CPU
		{A3AFA842-F5EE-40CC-930F-4FEB7927D4F3}.Debug|Any CPU.Build.0 = Debug|Any CPU
		{A3AFA842-F5EE-40CC-930F-4FEB7927D4F3}.Release|Any CPU.ActiveCfg = Release|Any CPU
		{A3AFA842-F5EE-40CC-930F-4FEB7927D4F3}.Release|Any CPU.Build.0 = Release|Any CPU
		{69241A21-BCA2-49BB-8ED7-86386E11348D}.Allinea oggetti protocollo - DBG|Any CPU.ActiveCfg = Allinea oggetti protocollo - DBG|Any CPU
		{69241A21-BCA2-49BB-8ED7-86386E11348D}.Allinea oggetti protocollo - DBG|Any CPU.Build.0 = Allinea oggetti protocollo - DBG|Any CPU
		{69241A21-BCA2-49BB-8ED7-86386E11348D}.Debug|Any CPU.ActiveCfg = Debug|Any CPU
		{69241A21-BCA2-49BB-8ED7-86386E11348D}.Debug|Any CPU.Build.0 = Debug|Any CPU
		{69241A21-BCA2-49BB-8ED7-86386E11348D}.Release|Any CPU.ActiveCfg = Release|Any CPU
		{69241A21-BCA2-49BB-8ED7-86386E11348D}.Release|Any CPU.Build.0 = Release|Any CPU
		{390B0136-6D16-4058-8A63-615EB76EF8A9}.Allinea oggetti protocollo - DBG|Any CPU.ActiveCfg = Allinea oggetti protocollo - DBG|Any CPU
		{390B0136-6D16-4058-8A63-615EB76EF8A9}.Allinea oggetti protocollo - DBG|Any CPU.Build.0 = Allinea oggetti protocollo - DBG|Any CPU
		{390B0136-6D16-4058-8A63-615EB76EF8A9}.Debug|Any CPU.ActiveCfg = Debug|Any CPU
		{390B0136-6D16-4058-8A63-615EB76EF8A9}.Debug|Any CPU.Build.0 = Debug|Any CPU
		{390B0136-6D16-4058-8A63-615EB76EF8A9}.Release|Any CPU.ActiveCfg = Release|Any CPU
		{390B0136-6D16-4058-8A63-615EB76EF8A9}.Release|Any CPU.Build.0 = Release|Any CPU
		{EBD2D8DB-828B-4599-9742-D9C84AB289C7}.Allinea oggetti protocollo - DBG|Any CPU.ActiveCfg = Allinea oggetti protocollo - DBG|Any CPU
		{EBD2D8DB-828B-4599-9742-D9C84AB289C7}.Allinea oggetti protocollo - DBG|Any CPU.Build.0 = Allinea oggetti protocollo - DBG|Any CPU
		{EBD2D8DB-828B-4599-9742-D9C84AB289C7}.Debug|Any CPU.ActiveCfg = Debug|Any CPU
		{EBD2D8DB-828B-4599-9742-D9C84AB289C7}.Debug|Any CPU.Build.0 = Debug|Any CPU
		{EBD2D8DB-828B-4599-9742-D9C84AB289C7}.Release|Any CPU.ActiveCfg = Release|Any CPU
		{EBD2D8DB-828B-4599-9742-D9C84AB289C7}.Release|Any CPU.Build.0 = Release|Any CPU
		{9D4E4587-AC9F-44BA-B4E7-492DC01EA466}.Allinea oggetti protocollo - DBG|Any CPU.ActiveCfg = Allinea oggetti protocollo - DBG|Any CPU
		{9D4E4587-AC9F-44BA-B4E7-492DC01EA466}.Allinea oggetti protocollo - DBG|Any CPU.Build.0 = Allinea oggetti protocollo - DBG|Any CPU
		{9D4E4587-AC9F-44BA-B4E7-492DC01EA466}.Debug|Any CPU.ActiveCfg = Debug|Any CPU
		{9D4E4587-AC9F-44BA-B4E7-492DC01EA466}.Debug|Any CPU.Build.0 = Debug|Any CPU
		{9D4E4587-AC9F-44BA-B4E7-492DC01EA466}.Release|Any CPU.ActiveCfg = Release|Any CPU
		{9D4E4587-AC9F-44BA-B4E7-492DC01EA466}.Release|Any CPU.Build.0 = Release|Any CPU
		{42F1F8BD-76DA-4341-BC82-9C1D9F265C1E}.Allinea oggetti protocollo - DBG|Any CPU.ActiveCfg = Allinea oggetti protocollo - DBG|Any CPU
		{42F1F8BD-76DA-4341-BC82-9C1D9F265C1E}.Allinea oggetti protocollo - DBG|Any CPU.Build.0 = Allinea oggetti protocollo - DBG|Any CPU
		{42F1F8BD-76DA-4341-BC82-9C1D9F265C1E}.Debug|Any CPU.ActiveCfg = Debug|Any CPU
		{42F1F8BD-76DA-4341-BC82-9C1D9F265C1E}.Debug|Any CPU.Build.0 = Debug|Any CPU
		{42F1F8BD-76DA-4341-BC82-9C1D9F265C1E}.Release|Any CPU.ActiveCfg = Release|Any CPU
		{42F1F8BD-76DA-4341-BC82-9C1D9F265C1E}.Release|Any CPU.Build.0 = Release|Any CPU
	EndGlobalSection
	GlobalSection(SolutionProperties) = preSolution
		HideSolutionNode = FALSE
	EndGlobalSection
EndGlobal
